// !$*UTF8*$!
{
	archiveVersion = 1;
	classes = {
	};
	objectVersion = 55;
	objects = {

/* Begin PBXBuildFile section */
		9ABBA8F627F7316E001B91F2 /* AppDelegate.swift in Sources */ = {isa = PBXBuildFile; fileRef = 9ABBA8F527F7316E001B91F2 /* AppDelegate.swift */; };
		9ABBA8F827F7316E001B91F2 /* SceneDelegate.swift in Sources */ = {isa = PBXBuildFile; fileRef = 9ABBA8F727F7316E001B91F2 /* SceneDelegate.swift */; };
		9ABBA8FA27F7316E001B91F2 /* ViewController.swift in Sources */ = {isa = PBXBuildFile; fileRef = 9ABBA8F927F7316E001B91F2 /* ViewController.swift */; };
		9ABBA8FD27F7316E001B91F2 /* Main.storyboard in Resources */ = {isa = PBXBuildFile; fileRef = 9ABBA8FB27F7316E001B91F2 /* Main.storyboard */; };
		9ABBA8FF27F73171001B91F2 /* Assets.xcassets in Resources */ = {isa = PBXBuildFile; fileRef = 9ABBA8FE27F73171001B91F2 /* Assets.xcassets */; };
		9ABBA90227F73171001B91F2 /* LaunchScreen.storyboard in Resources */ = {isa = PBXBuildFile; fileRef = 9ABBA90027F73171001B91F2 /* LaunchScreen.storyboard */; };
		9ABBA90D27F73171001B91F2 /* EventosTests.swift in Sources */ = {isa = PBXBuildFile; fileRef = 9ABBA90C27F73171001B91F2 /* EventosTests.swift */; };
		9ABBA91727F73171001B91F2 /* EventosUITests.swift in Sources */ = {isa = PBXBuildFile; fileRef = 9ABBA91627F73171001B91F2 /* EventosUITests.swift */; };
		9ABBA91927F73171001B91F2 /* EventosUITestsLaunchTests.swift in Sources */ = {isa = PBXBuildFile; fileRef = 9ABBA91827F73171001B91F2 /* EventosUITestsLaunchTests.swift */; };
		9ABBA92627F7445C001B91F2 /* pessoa.swift in Sources */ = {isa = PBXBuildFile; fileRef = 9ABBA92527F7445B001B91F2 /* pessoa.swift */; };
		9ABBA92B27F746BC001B91F2 /* UsuarioViewModel.swift in Sources */ = {isa = PBXBuildFile; fileRef = 9ABBA92A27F746BC001B91F2 /* UsuarioViewModel.swift */; };
/* End PBXBuildFile section */

/* Begin PBXContainerItemProxy section */
		9ABBA90927F73171001B91F2 /* PBXContainerItemProxy */ = {
			isa = PBXContainerItemProxy;
			containerPortal = 9ABBA8EA27F7316E001B91F2 /* Project object */;
			proxyType = 1;
			remoteGlobalIDString = 9ABBA8F127F7316E001B91F2;
			remoteInfo = Eventos;
		};
		9ABBA91327F73171001B91F2 /* PBXContainerItemProxy */ = {
			isa = PBXContainerItemProxy;
			containerPortal = 9ABBA8EA27F7316E001B91F2 /* Project object */;
			proxyType = 1;
			remoteGlobalIDString = 9ABBA8F127F7316E001B91F2;
			remoteInfo = Eventos;
		};
/* End PBXContainerItemProxy section */

/* Begin PBXFileReference section */
		9ABBA8F227F7316E001B91F2 /* Eventos.app */ = {isa = PBXFileReference; explicitFileType = wrapper.application; includeInIndex = 0; path = Eventos.app; sourceTree = BUILT_PRODUCTS_DIR; };
		9ABBA8F527F7316E001B91F2 /* AppDelegate.swift */ = {isa = PBXFileReference; lastKnownFileType = sourcecode.swift; path = AppDelegate.swift; sourceTree = "<group>"; };
		9ABBA8F727F7316E001B91F2 /* SceneDelegate.swift */ = {isa = PBXFileReference; lastKnownFileType = sourcecode.swift; path = SceneDelegate.swift; sourceTree = "<group>"; };
		9ABBA8F927F7316E001B91F2 /* ViewController.swift */ = {isa = PBXFileReference; lastKnownFileType = sourcecode.swift; path = ViewController.swift; sourceTree = "<group>"; };
		9ABBA8FC27F7316E001B91F2 /* Base */ = {isa = PBXFileReference; lastKnownFileType = file.storyboard; name = Base; path = Base.lproj/Main.storyboard; sourceTree = "<group>"; };
		9ABBA8FE27F73171001B91F2 /* Assets.xcassets */ = {isa = PBXFileReference; lastKnownFileType = folder.assetcatalog; path = Assets.xcassets; sourceTree = "<group>"; };
		9ABBA90127F73171001B91F2 /* Base */ = {isa = PBXFileReference; lastKnownFileType = file.storyboard; name = Base; path = Base.lproj/LaunchScreen.storyboard; sourceTree = "<group>"; };
		9ABBA90327F73171001B91F2 /* Info.plist */ = {isa = PBXFileReference; lastKnownFileType = text.plist.xml; path = Info.plist; sourceTree = "<group>"; };
		9ABBA90827F73171001B91F2 /* EventosTests.xctest */ = {isa = PBXFileReference; explicitFileType = wrapper.cfbundle; includeInIndex = 0; path = EventosTests.xctest; sourceTree = BUILT_PRODUCTS_DIR; };
		9ABBA90C27F73171001B91F2 /* EventosTests.swift */ = {isa = PBXFileReference; lastKnownFileType = sourcecode.swift; path = EventosTests.swift; sourceTree = "<group>"; };
		9ABBA91227F73171001B91F2 /* EventosUITests.xctest */ = {isa = PBXFileReference; explicitFileType = wrapper.cfbundle; includeInIndex = 0; path = EventosUITests.xctest; sourceTree = BUILT_PRODUCTS_DIR; };
		9ABBA91627F73171001B91F2 /* EventosUITests.swift */ = {isa = PBXFileReference; lastKnownFileType = sourcecode.swift; path = EventosUITests.swift; sourceTree = "<group>"; };
		9ABBA91827F73171001B91F2 /* EventosUITestsLaunchTests.swift */ = {isa = PBXFileReference; lastKnownFileType = sourcecode.swift; path = EventosUITestsLaunchTests.swift; sourceTree = "<group>"; };
		9ABBA92527F7445B001B91F2 /* pessoa.swift */ = {isa = PBXFileReference; lastKnownFileType = sourcecode.swift; path = pessoa.swift; sourceTree = "<group>"; };
		9ABBA92A27F746BC001B91F2 /* UsuarioViewModel.swift */ = {isa = PBXFileReference; lastKnownFileType = sourcecode.swift; path = UsuarioViewModel.swift; sourceTree = "<group>"; };
/* End PBXFileReference section */

/* Begin PBXFrameworksBuildPhase section */
		9ABBA8EF27F7316E001B91F2 /* Frameworks */ = {
			isa = PBXFrameworksBuildPhase;
			buildActionMask = 2147483647;
			files = (
			);
			runOnlyForDeploymentPostprocessing = 0;
		};
		9ABBA90527F73171001B91F2 /* Frameworks */ = {
			isa = PBXFrameworksBuildPhase;
			buildActionMask = 2147483647;
			files = (
			);
			runOnlyForDeploymentPostprocessing = 0;
		};
		9ABBA90F27F73171001B91F2 /* Frameworks */ = {
			isa = PBXFrameworksBuildPhase;
			buildActionMask = 2147483647;
			files = (
			);
			runOnlyForDeploymentPostprocessing = 0;
		};
/* End PBXFrameworksBuildPhase section */

/* Begin PBXGroup section */
		9ABBA8E927F7316E001B91F2 = {
			isa = PBXGroup;
			children = (
				9ABBA8F427F7316E001B91F2 /* Eventos */,
				9ABBA90B27F73171001B91F2 /* EventosTests */,
				9ABBA91527F73171001B91F2 /* EventosUITests */,
				9ABBA8F327F7316E001B91F2 /* Products */,
			);
			sourceTree = "<group>";
		};
		9ABBA8F327F7316E001B91F2 /* Products */ = {
			isa = PBXGroup;
			children = (
				9ABBA8F227F7316E001B91F2 /* Eventos.app */,
				9ABBA90827F73171001B91F2 /* EventosTests.xctest */,
				9ABBA91227F73171001B91F2 /* EventosUITests.xctest */,
			);
			name = Products;
			sourceTree = "<group>";
		};
		9ABBA8F427F7316E001B91F2 /* Eventos */ = {
			isa = PBXGroup;
			children = (
				9ABBA92927F74697001B91F2 /* View */,
				9ABBA92827F74689001B91F2 /* ViewModel */,
				9ABBA92727F74674001B91F2 /* Model */,
				9ABBA8F527F7316E001B91F2 /* AppDelegate.swift */,
				9ABBA8F727F7316E001B91F2 /* SceneDelegate.swift */,
				9ABBA8FB27F7316E001B91F2 /* Main.storyboard */,
				9ABBA8FE27F73171001B91F2 /* Assets.xcassets */,
				9ABBA90027F73171001B91F2 /* LaunchScreen.storyboard */,
				9ABBA90327F73171001B91F2 /* Info.plist */,
			);
			path = Eventos;
			sourceTree = "<group>";
		};
		9ABBA90B27F73171001B91F2 /* EventosTests */ = {
			isa = PBXGroup;
			children = (
				9ABBA90C27F73171001B91F2 /* EventosTests.swift */,
			);
			path = EventosTests;
			sourceTree = "<group>";
		};
		9ABBA91527F73171001B91F2 /* EventosUITests */ = {
			isa = PBXGroup;
			children = (
				9ABBA91627F73171001B91F2 /* EventosUITests.swift */,
				9ABBA91827F73171001B91F2 /* EventosUITestsLaunchTests.swift */,
			);
			path = EventosUITests;
			sourceTree = "<group>";
		};
		9ABBA92727F74674001B91F2 /* Model */ = {
			isa = PBXGroup;
			children = (
				9ABBA92527F7445B001B91F2 /* pessoa.swift */,
			);
			path = Model;
			sourceTree = "<group>";
		};
		9ABBA92827F74689001B91F2 /* ViewModel */ = {
			isa = PBXGroup;
			children = (
				9ABBA92A27F746BC001B91F2 /* UsuarioViewModel.swift */,
			);
			path = ViewModel;
			sourceTree = "<group>";
		};
		9ABBA92927F74697001B91F2 /* View */ = {
			isa = PBXGroup;
			children = (
				9ABBA8F927F7316E001B91F2 /* ViewController.swift */,
			);
			path = View;
			sourceTree = "<group>";
		};
/* End PBXGroup section */

/* Begin PBXNativeTarget section */
		9ABBA8F127F7316E001B91F2 /* Eventos */ = {
			isa = PBXNativeTarget;
			buildConfigurationList = 9ABBA91C27F73171001B91F2 /* Build configuration list for PBXNativeTarget "Eventos" */;
			buildPhases = (
				9ABBA8EE27F7316E001B91F2 /* Sources */,
				9ABBA8EF27F7316E001B91F2 /* Frameworks */,
				9ABBA8F027F7316E001B91F2 /* Resources */,
			);
			buildRules = (
			);
			dependencies = (
			);
			name = Eventos;
			productName = Eventos;
			productReference = 9ABBA8F227F7316E001B91F2 /* Eventos.app */;
			productType = "com.apple.product-type.application";
		};
		9ABBA90727F73171001B91F2 /* EventosTests */ = {
			isa = PBXNativeTarget;
			buildConfigurationList = 9ABBA91F27F73171001B91F2 /* Build configuration list for PBXNativeTarget "EventosTests" */;
			buildPhases = (
				9ABBA90427F73171001B91F2 /* Sources */,
				9ABBA90527F73171001B91F2 /* Frameworks */,
				9ABBA90627F73171001B91F2 /* Resources */,
			);
			buildRules = (
			);
			dependencies = (
				9ABBA90A27F73171001B91F2 /* PBXTargetDependency */,
			);
			name = EventosTests;
			productName = EventosTests;
			productReference = 9ABBA90827F73171001B91F2 /* EventosTests.xctest */;
			productType = "com.apple.product-type.bundle.unit-test";
		};
		9ABBA91127F73171001B91F2 /* EventosUITests */ = {
			isa = PBXNativeTarget;
			buildConfigurationList = 9ABBA92227F73171001B91F2 /* Build configuration list for PBXNativeTarget "EventosUITests" */;
			buildPhases = (
				9ABBA90E27F73171001B91F2 /* Sources */,
				9ABBA90F27F73171001B91F2 /* Frameworks */,
				9ABBA91027F73171001B91F2 /* Resources */,
			);
			buildRules = (
			);
			dependencies = (
				9ABBA91427F73171001B91F2 /* PBXTargetDependency */,
			);
			name = EventosUITests;
			productName = EventosUITests;
			productReference = 9ABBA91227F73171001B91F2 /* EventosUITests.xctest */;
			productType = "com.apple.product-type.bundle.ui-testing";
		};
/* End PBXNativeTarget section */

/* Begin PBXProject section */
		9ABBA8EA27F7316E001B91F2 /* Project object */ = {
			isa = PBXProject;
			attributes = {
				BuildIndependentTargetsInParallel = 1;
				LastSwiftUpdateCheck = 1320;
				LastUpgradeCheck = 1320;
				TargetAttributes = {
					9ABBA8F127F7316E001B91F2 = {
						CreatedOnToolsVersion = 13.2.1;
					};
					9ABBA90727F73171001B91F2 = {
						CreatedOnToolsVersion = 13.2.1;
						TestTargetID = 9ABBA8F127F7316E001B91F2;
					};
					9ABBA91127F73171001B91F2 = {
						CreatedOnToolsVersion = 13.2.1;
						TestTargetID = 9ABBA8F127F7316E001B91F2;
					};
				};
			};
			buildConfigurationList = 9ABBA8ED27F7316E001B91F2 /* Build configuration list for PBXProject "Eventos" */;
			compatibilityVersion = "Xcode 13.0";
			developmentRegion = en;
			hasScannedForEncodings = 0;
			knownRegions = (
				en,
				Base,
			);
			mainGroup = 9ABBA8E927F7316E001B91F2;
			productRefGroup = 9ABBA8F327F7316E001B91F2 /* Products */;
			projectDirPath = "";
			projectRoot = "";
			targets = (
				9ABBA8F127F7316E001B91F2 /* Eventos */,
				9ABBA90727F73171001B91F2 /* EventosTests */,
				9ABBA91127F73171001B91F2 /* EventosUITests */,
			);
		};
/* End PBXProject section */

/* Begin PBXResourcesBuildPhase section */
		9ABBA8F027F7316E001B91F2 /* Resources */ = {
			isa = PBXResourcesBuildPhase;
			buildActionMask = 2147483647;
			files = (
				9ABBA90227F73171001B91F2 /* LaunchScreen.storyboard in Resources */,
				9ABBA8FF27F73171001B91F2 /* Assets.xcassets in Resources */,
				9ABBA8FD27F7316E001B91F2 /* Main.storyboard in Resources */,
			);
			runOnlyForDeploymentPostprocessing = 0;
		};
		9ABBA90627F73171001B91F2 /* Resources */ = {
			isa = PBXResourcesBuildPhase;
			buildActionMask = 2147483647;
			files = (
			);
			runOnlyForDeploymentPostprocessing = 0;
		};
		9ABBA91027F73171001B91F2 /* Resources */ = {
			isa = PBXResourcesBuildPhase;
			buildActionMask = 2147483647;
			files = (
			);
			runOnlyForDeploymentPostprocessing = 0;
		};
/* End PBXResourcesBuildPhase section */

/* Begin PBXSourcesBuildPhase section */
		9ABBA8EE27F7316E001B91F2 /* Sources */ = {
			isa = PBXSourcesBuildPhase;
			buildActionMask = 2147483647;
			files = (
				9ABBA92627F7445C001B91F2 /* pessoa.swift in Sources */,
				9ABBA8FA27F7316E001B91F2 /* ViewController.swift in Sources */,
				9ABBA92B27F746BC001B91F2 /* UsuarioViewModel.swift in Sources */,
				9ABBA8F627F7316E001B91F2 /* AppDelegate.swift in Sources */,
				9ABBA8F827F7316E001B91F2 /* SceneDelegate.swift in Sources */,
			);
			runOnlyForDeploymentPostprocessing = 0;
		};
		9ABBA90427F73171001B91F2 /* Sources */ = {
			isa = PBXSourcesBuildPhase;
			buildActionMask = 2147483647;
			files = (
				9ABBA90D27F73171001B91F2 /* EventosTests.swift in Sources */,
			);
			runOnlyForDeploymentPostprocessing = 0;
		};
		9ABBA90E27F73171001B91F2 /* Sources */ = {
			isa = PBXSourcesBuildPhase;
			buildActionMask = 2147483647;
			files = (
				9ABBA91727F73171001B91F2 /* EventosUITests.swift in Sources */,
				9ABBA91927F73171001B91F2 /* EventosUITestsLaunchTests.swift in Sources */,
			);
			runOnlyForDeploymentPostprocessing = 0;
		};
/* End PBXSourcesBuildPhase section */

/* Begin PBXTargetDependency section */
		9ABBA90A27F73171001B91F2 /* PBXTargetDependency */ = {
			isa = PBXTargetDependency;
			target = 9ABBA8F127F7316E001B91F2 /* Eventos */;
			targetProxy = 9ABBA90927F73171001B91F2 /* PBXContainerItemProxy */;
		};
		9ABBA91427F73171001B91F2 /* PBXTargetDependency */ = {
			isa = PBXTargetDependency;
			target = 9ABBA8F127F7316E001B91F2 /* Eventos */;
			targetProxy = 9ABBA91327F73171001B91F2 /* PBXContainerItemProxy */;
		};
/* End PBXTargetDependency section */

/* Begin PBXVariantGroup section */
		9ABBA8FB27F7316E001B91F2 /* Main.storyboard */ = {
			isa = PBXVariantGroup;
			children = (
				9ABBA8FC27F7316E001B91F2 /* Base */,
			);
			name = Main.storyboard;
			sourceTree = "<group>";
		};
		9ABBA90027F73171001B91F2 /* LaunchScreen.storyboard */ = {
			isa = PBXVariantGroup;
			children = (
				9ABBA90127F73171001B91F2 /* Base */,
			);
			name = LaunchScreen.storyboard;
			sourceTree = "<group>";
		};
/* End PBXVariantGroup section */

/* Begin XCBuildConfiguration section */
		9ABBA91A27F73171001B91F2 /* Debug */ = {
			isa = XCBuildConfiguration;
			buildSettings = {
				ALWAYS_SEARCH_USER_PATHS = NO;
				CLANG_ANALYZER_NONNULL = YES;
				CLANG_ANALYZER_NUMBER_OBJECT_CONVERSION = YES_AGGRESSIVE;
				CLANG_CXX_LANGUAGE_STANDARD = "gnu++17";
				CLANG_CXX_LIBRARY = "libc++";
				CLANG_ENABLE_MODULES = YES;
				CLANG_ENABLE_OBJC_ARC = YES;
				CLANG_ENABLE_OBJC_WEAK = YES;
				CLANG_WARN_BLOCK_CAPTURE_AUTORELEASING = YES;
				CLANG_WARN_BOOL_CONVERSION = YES;
				CLANG_WARN_COMMA = YES;
				CLANG_WARN_CONSTANT_CONVERSION = YES;
				CLANG_WARN_DEPRECATED_OBJC_IMPLEMENTATIONS = YES;
				CLANG_WARN_DIRECT_OBJC_ISA_USAGE = YES_ERROR;
				CLANG_WARN_DOCUMENTATION_COMMENTS = YES;
				CLANG_WARN_EMPTY_BODY = YES;
				CLANG_WARN_ENUM_CONVERSION = YES;
				CLANG_WARN_INFINITE_RECURSION = YES;
				CLANG_WARN_INT_CONVERSION = YES;
				CLANG_WARN_NON_LITERAL_NULL_CONVERSION = YES;
				CLANG_WARN_OBJC_IMPLICIT_RETAIN_SELF = YES;
				CLANG_WARN_OBJC_LITERAL_CONVERSION = YES;
				CLANG_WARN_OBJC_ROOT_CLASS = YES_ERROR;
				CLANG_WARN_QUOTED_INCLUDE_IN_FRAMEWORK_HEADER = YES;
				CLANG_WARN_RANGE_LOOP_ANALYSIS = YES;
				CLANG_WARN_STRICT_PROTOTYPES = YES;
				CLANG_WARN_SUSPICIOUS_MOVE = YES;
				CLANG_WARN_UNGUARDED_AVAILABILITY = YES_AGGRESSIVE;
				CLANG_WARN_UNREACHABLE_CODE = YES;
				CLANG_WARN__DUPLICATE_METHOD_MATCH = YES;
				COPY_PHASE_STRIP = NO;
				DEBUG_INFORMATION_FORMAT = dwarf;
				ENABLE_STRICT_OBJC_MSGSEND = YES;
				ENABLE_TESTABILITY = YES;
				GCC_C_LANGUAGE_STANDARD = gnu11;
				GCC_DYNAMIC_NO_PIC = NO;
				GCC_NO_COMMON_BLOCKS = YES;
				GCC_OPTIMIZATION_LEVEL = 0;
				GCC_PREPROCESSOR_DEFINITIONS = (
					"DEBUG=1",
					"$(inherited)",
				);
				GCC_WARN_64_TO_32_BIT_CONVERSION = YES;
				GCC_WARN_ABOUT_RETURN_TYPE = YES_ERROR;
				GCC_WARN_UNDECLARED_SELECTOR = YES;
				GCC_WARN_UNINITIALIZED_AUTOS = YES_AGGRESSIVE;
				GCC_WARN_UNUSED_FUNCTION = YES;
				GCC_WARN_UNUSED_VARIABLE = YES;
				IPHONEOS_DEPLOYMENT_TARGET = 15.2;
				MTL_ENABLE_DEBUG_INFO = INCLUDE_SOURCE;
				MTL_FAST_MATH = YES;
				ONLY_ACTIVE_ARCH = YES;
				SDKROOT = iphoneos;
				SWIFT_ACTIVE_COMPILATION_CONDITIONS = DEBUG;
				SWIFT_OPTIMIZATION_LEVEL = "-Onone";
			};
			name = Debug;
		};
		9ABBA91B27F73171001B91F2 /* Release */ = {
			isa = XCBuildConfiguration;
			buildSettings = {
				ALWAYS_SEARCH_USER_PATHS = NO;
				CLANG_ANALYZER_NONNULL = YES;
				CLANG_ANALYZER_NUMBER_OBJECT_CONVERSION = YES_AGGRESSIVE;
				CLANG_CXX_LANGUAGE_STANDARD = "gnu++17";
				CLANG_CXX_LIBRARY = "libc++";
				CLANG_ENABLE_MODULES = YES;
				CLANG_ENABLE_OBJC_ARC = YES;
				CLANG_ENABLE_OBJC_WEAK = YES;
				CLANG_WARN_BLOCK_CAPTURE_AUTORELEASING = YES;
				CLANG_WARN_BOOL_CONVERSION = YES;
				CLANG_WARN_COMMA = YES;
				CLANG_WARN_CONSTANT_CONVERSION = YES;
				CLANG_WARN_DEPRECATED_OBJC_IMPLEMENTATIONS = YES;
				CLANG_WARN_DIRECT_OBJC_ISA_USAGE = YES_ERROR;
				CLANG_WARN_DOCUMENTATION_COMMENTS = YES;
				CLANG_WARN_EMPTY_BODY = YES;
				CLANG_WARN_ENUM_CONVERSION = YES;
				CLANG_WARN_INFINITE_RECURSION = YES;
				CLANG_WARN_INT_CONVERSION = YES;
				CLANG_WARN_NON_LITERAL_NULL_CONVERSION = YES;
				CLANG_WARN_OBJC_IMPLICIT_RETAIN_SELF = YES;
				CLANG_WARN_OBJC_LITERAL_CONVERSION = YES;
				CLANG_WARN_OBJC_ROOT_CLASS = YES_ERROR;
				CLANG_WARN_QUOTED_INCLUDE_IN_FRAMEWORK_HEADER = YES;
				CLANG_WARN_RANGE_LOOP_ANALYSIS = YES;
				CLANG_WARN_STRICT_PROTOTYPES = YES;
				CLANG_WARN_SUSPICIOUS_MOVE = YES;
				CLANG_WARN_UNGUARDED_AVAILABILITY = YES_AGGRESSIVE;
				CLANG_WARN_UNREACHABLE_CODE = YES;
				CLANG_WARN__DUPLICATE_METHOD_MATCH = YES;
				COPY_PHASE_STRIP = NO;
				DEBUG_INFORMATION_FORMAT = "dwarf-with-dsym";
				ENABLE_NS_ASSERTIONS = NO;
				ENABLE_STRICT_OBJC_MSGSEND = YES;
				GCC_C_LANGUAGE_STANDARD = gnu11;
				GCC_NO_COMMON_BLOCKS = YES;
				GCC_WARN_64_TO_32_BIT_CONVERSION = YES;
				GCC_WARN_ABOUT_RETURN_TYPE = YES_ERROR;
				GCC_WARN_UNDECLARED_SELECTOR = YES;
				GCC_WARN_UNINITIALIZED_AUTOS = YES_AGGRESSIVE;
				GCC_WARN_UNUSED_FUNCTION = YES;
				GCC_WARN_UNUSED_VARIABLE = YES;
				IPHONEOS_DEPLOYMENT_TARGET = 15.2;
				MTL_ENABLE_DEBUG_INFO = NO;
				MTL_FAST_MATH = YES;
				SDKROOT = iphoneos;
				SWIFT_COMPILATION_MODE = wholemodule;
				SWIFT_OPTIMIZATION_LEVEL = "-O";
				VALIDATE_PRODUCT = YES;
			};
			name = Release;
		};
		9ABBA91D27F73171001B91F2 /* Debug */ = {
			isa = XCBuildConfiguration;
			buildSettings = {
				ASSETCATALOG_COMPILER_APPICON_NAME = AppIcon;
				ASSETCATALOG_COMPILER_GLOBAL_ACCENT_COLOR_NAME = AccentColor;
				CODE_SIGN_STYLE = Automatic;
				CURRENT_PROJECT_VERSION = 1;
				DEVELOPMENT_TEAM = 3WY7THCR97;
				GENERATE_INFOPLIST_FILE = YES;
				INFOPLIST_FILE = Eventos/Info.plist;
				INFOPLIST_KEY_UIApplicationSupportsIndirectInputEvents = YES;
				INFOPLIST_KEY_UILaunchStoryboardName = LaunchScreen;
				INFOPLIST_KEY_UIMainStoryboardFile = Main;
				INFOPLIST_KEY_UISupportedInterfaceOrientations_iPad = "UIInterfaceOrientationPortrait UIInterfaceOrientationPortraitUpsideDown UIInterfaceOrientationLandscapeLeft UIInterfaceOrientationLandscapeRight";
				INFOPLIST_KEY_UISupportedInterfaceOrientations_iPhone = "UIInterfaceOrientationPortrait UIInterfaceOrientationLandscapeLeft UIInterfaceOrientationLandscapeRight";
				LD_RUNPATH_SEARCH_PATHS = (
					"$(inherited)",
					"@executable_path/Frameworks",
				);
				MARKETING_VERSION = 1.0;
				PRODUCT_BUNDLE_IDENTIFIER = cs.Eventos;
				PRODUCT_NAME = "$(TARGET_NAME)";
				SWIFT_EMIT_LOC_STRINGS = YES;
				SWIFT_VERSION = 5.0;
				TARGETED_DEVICE_FAMILY = "1,2";
			};
			name = Debug;
		};
		9ABBA91E27F73171001B91F2 /* Release */ = {
			isa = XCBuildConfiguration;
			buildSettings = {
				ASSETCATALOG_COMPILER_APPICON_NAME = AppIcon;
				ASSETCATALOG_COMPILER_GLOBAL_ACCENT_COLOR_NAME = AccentColor;
				CODE_SIGN_STYLE = Automatic;
				CURRENT_PROJECT_VERSION = 1;
				DEVELOPMENT_TEAM = 3WY7THCR97;
				GENERATE_INFOPLIST_FILE = YES;
				INFOPLIST_FILE = Eventos/Info.plist;
				INFOPLIST_KEY_UIApplicationSupportsIndirectInputEvents = YES;
				INFOPLIST_KEY_UILaunchStoryboardName = LaunchScreen;
				INFOPLIST_KEY_UIMainStoryboardFile = Main;
				INFOPLIST_KEY_UISupportedInterfaceOrientations_iPad = "UIInterfaceOrientationPortrait UIInterfaceOrientationPortraitUpsideDown UIInterfaceOrientationLandscapeLeft UIInterfaceOrientationLandscapeRight";
				INFOPLIST_KEY_UISupportedInterfaceOrientations_iPhone = "UIInterfaceOrientationPortrait UIInterfaceOrientationLandscapeLeft UIInterfaceOrientationLandscapeRight";
				LD_RUNPATH_SEARCH_PATHS = (
					"$(inherited)",
					"@executable_path/Frameworks",
				);
				MARKETING_VERSION = 1.0;
				PRODUCT_BUNDLE_IDENTIFIER = cs.Eventos;
				PRODUCT_NAME = "$(TARGET_NAME)";
				SWIFT_EMIT_LOC_STRINGS = YES;
				SWIFT_VERSION = 5.0;
				TARGETED_DEVICE_FAMILY = "1,2";
			};
			name = Release;
		};
		9ABBA92027F73171001B91F2 /* Debug */ = {
			isa = XCBuildConfiguration;
			buildSettings = {
				ALWAYS_EMBED_SWIFT_STANDARD_LIBRARIES = YES;
				BUNDLE_LOADER = "$(TEST_HOST)";
				CODE_SIGN_STYLE = Automatic;
				CURRENT_PROJECT_VERSION = 1;
				DEVELOPMENT_TEAM = 3WY7THCR97;
				GENERATE_INFOPLIST_FILE = YES;
				IPHONEOS_DEPLOYMENT_TARGET = 15.2;
				MARKETING_VERSION = 1.0;
				PRODUCT_BUNDLE_IDENTIFIER = cs193p.EventosTests;
				PRODUCT_NAME = "$(TARGET_NAME)";
				SWIFT_EMIT_LOC_STRINGS = NO;
				SWIFT_VERSION = 5.0;
				TARGETED_DEVICE_FAMILY = "1,2";
				TEST_HOST = "$(BUILT_PRODUCTS_DIR)/Eventos.app/Eventos";
			};
			name = Debug;
		};
		9ABBA92127F73171001B91F2 /* Release */ = {
			isa = XCBuildConfiguration;
			buildSettings = {
				ALWAYS_EMBED_SWIFT_STANDARD_LIBRARIES = YES;
				BUNDLE_LOADER = "$(TEST_HOST)";
				CODE_SIGN_STYLE = Automatic;
				CURRENT_PROJECT_VERSION = 1;
				DEVELOPMENT_TEAM = 3WY7THCR97;
				GENERATE_INFOPLIST_FILE = YES;
				IPHONEOS_DEPLOYMENT_TARGET = 15.2;
				MARKETING_VERSION = 1.0;
				PRODUCT_BUNDLE_IDENTIFIER = cs193p.EventosTests;
				PRODUCT_NAME = "$(TARGET_NAME)";
				SWIFT_EMIT_LOC_STRINGS = NO;
				SWIFT_VERSION = 5.0;
				TARGETED_DEVICE_FAMILY = "1,2";
				TEST_HOST = "$(BUILT_PRODUCTS_DIR)/Eventos.app/Eventos";
			};
			name = Release;
		};
		9ABBA92327F73171001B91F2 /* Debug */ = {
			isa = XCBuildConfiguration;
			buildSettings = {
				ALWAYS_EMBED_SWIFT_STANDARD_LIBRARIES = YES;
				CODE_SIGN_STYLE = Automatic;
				CURRENT_PROJECT_VERSION = 1;
				DEVELOPMENT_TEAM = 3WY7THCR97;
				GENERATE_INFOPLIST_FILE = YES;
				MARKETING_VERSION = 1.0;
				PRODUCT_BUNDLE_IDENTIFIER = cs193p.EventosUITests;
				PRODUCT_NAME = "$(TARGET_NAME)";
				SWIFT_EMIT_LOC_STRINGS = NO;
				SWIFT_VERSION = 5.0;
				TARGETED_DEVICE_FAMILY = "1,2";
				TEST_TARGET_NAME = Eventos;
			};
			name = Debug;
		};
		9ABBA92427F73171001B91F2 /* Release */ = {
			isa = XCBuildConfiguration;
			buildSettings = {
				ALWAYS_EMBED_SWIFT_STANDARD_LIBRARIES = YES;
				CODE_SIGN_STYLE = Automatic;
				CURRENT_PROJECT_VERSION = 1;
				DEVELOPMENT_TEAM = 3WY7THCR97;
				GENERATE_INFOPLIST_FILE = YES;
				MARKETING_VERSION = 1.0;
				PRODUCT_BUNDLE_IDENTIFIER = cs193p.EventosUITests;
				PRODUCT_NAME = "$(TARGET_NAME)";
				SWIFT_EMIT_LOC_STRINGS = NO;
				SWIFT_VERSION = 5.0;
				TARGETED_DEVICE_FAMILY = "1,2";
				TEST_TARGET_NAME = Eventos;
			};
			name = Release;
		};
/* End XCBuildConfiguration section */

/* Begin XCConfigurationList section */
		9ABBA8ED27F7316E001B91F2 /* Build configuration list for PBXProject "Eventos" */ = {
			isa = XCConfigurationList;
			buildConfigurations = (
				9ABBA91A27F73171001B91F2 /* Debug */,
				9ABBA91B27F73171001B91F2 /* Release */,
			);
			defaultConfigurationIsVisible = 0;
			defaultConfigurationName = Release;
		};
		9ABBA91C27F73171001B91F2 /* Build configuration list for PBXNativeTarget "Eventos" */ = {
			isa = XCConfigurationList;
			buildConfigurations = (
				9ABBA91D27F73171001B91F2 /* Debug */,
				9ABBA91E27F73171001B91F2 /* Release */,
			);
			defaultConfigurationIsVisible = 0;
			defaultConfigurationName = Release;
		};
		9ABBA91F27F73171001B91F2 /* Build configuration list for PBXNativeTarget "EventosTests" */ = {
			isa = XCConfigurationList;
			buildConfigurations = (
				9ABBA92027F73171001B91F2 /* Debug */,
				9ABBA92127F73171001B91F2 /* Release */,
			);
			defaultConfigurationIsVisible = 0;
			defaultConfigurationName = Release;
		};
		9ABBA92227F73171001B91F2 /* Build configuration list for PBXNativeTarget "EventosUITests" */ = {
			isa = XCConfigurationList;
			buildConfigurations = (
				9ABBA92327F73171001B91F2 /* Debug */,
				9ABBA92427F73171001B91F2 /* Release */,
			);
			defaultConfigurationIsVisible = 0;
			defaultConfigurationName = Release;
		};
/* End XCConfigurationList section */
	};
	rootObject = 9ABBA8EA27F7316E001B91F2 /* Project object */;
}
