// !$*UTF8*$!
{
	archiveVersion = 1;
	classes = {
	};
	objectVersion = 55;
	objects = {

/* Begin PBXBuildFile section */
		9A8FA67F2804F09F00F959B5 /* locationTutorialApp.swift in Sources */ = {isa = PBXBuildFile; fileRef = 9A8FA67E2804F09F00F959B5 /* locationTutorialApp.swift */; };
		9A8FA6812804F09F00F959B5 /* ContentView.swift in Sources */ = {isa = PBXBuildFile; fileRef = 9A8FA6802804F09F00F959B5 /* ContentView.swift */; };
		9A8FA6832804F0A200F959B5 /* Assets.xcassets in Resources */ = {isa = PBXBuildFile; fileRef = 9A8FA6822804F0A200F959B5 /* Assets.xcassets */; };
		9A8FA6862804F0A200F959B5 /* Preview Assets.xcassets in Resources */ = {isa = PBXBuildFile; fileRef = 9A8FA6852804F0A200F959B5 /* Preview Assets.xcassets */; };
		9A8FA6902804F0A300F959B5 /* locationTutorialTests.swift in Sources */ = {isa = PBXBuildFile; fileRef = 9A8FA68F2804F0A300F959B5 /* locationTutorialTests.swift */; };
		9A8FA69A2804F0A300F959B5 /* locationTutorialUITests.swift in Sources */ = {isa = PBXBuildFile; fileRef = 9A8FA6992804F0A300F959B5 /* locationTutorialUITests.swift */; };
		9A8FA69C2804F0A300F959B5 /* locationTutorialUITestsLaunchTests.swift in Sources */ = {isa = PBXBuildFile; fileRef = 9A8FA69B2804F0A300F959B5 /* locationTutorialUITestsLaunchTests.swift */; };
		9A8FA6AA2804F78100F959B5 /* CorelocationDelegate.swift in Sources */ = {isa = PBXBuildFile; fileRef = 9A8FA6A92804F78100F959B5 /* CorelocationDelegate.swift */; };
/* End PBXBuildFile section */

/* Begin PBXContainerItemProxy section */
		9A8FA68C2804F0A300F959B5 /* PBXContainerItemProxy */ = {
			isa = PBXContainerItemProxy;
			containerPortal = 9A8FA6732804F09F00F959B5 /* Project object */;
			proxyType = 1;
			remoteGlobalIDString = 9A8FA67A2804F09F00F959B5;
			remoteInfo = locationTutorial;
		};
		9A8FA6962804F0A300F959B5 /* PBXContainerItemProxy */ = {
			isa = PBXContainerItemProxy;
			containerPortal = 9A8FA6732804F09F00F959B5 /* Project object */;
			proxyType = 1;
			remoteGlobalIDString = 9A8FA67A2804F09F00F959B5;
			remoteInfo = locationTutorial;
		};
/* End PBXContainerItemProxy section */

/* Begin PBXFileReference section */
		9A8FA67B2804F09F00F959B5 /* locationTutorial.app */ = {isa = PBXFileReference; explicitFileType = wrapper.application; includeInIndex = 0; path = locationTutorial.app; sourceTree = BUILT_PRODUCTS_DIR; };
		9A8FA67E2804F09F00F959B5 /* locationTutorialApp.swift */ = {isa = PBXFileReference; lastKnownFileType = sourcecode.swift; path = locationTutorialApp.swift; sourceTree = "<group>"; };
		9A8FA6802804F09F00F959B5 /* ContentView.swift */ = {isa = PBXFileReference; lastKnownFileType = sourcecode.swift; path = ContentView.swift; sourceTree = "<group>"; };
		9A8FA6822804F0A200F959B5 /* Assets.xcassets */ = {isa = PBXFileReference; lastKnownFileType = folder.assetcatalog; path = Assets.xcassets; sourceTree = "<group>"; };
		9A8FA6852804F0A200F959B5 /* Preview Assets.xcassets */ = {isa = PBXFileReference; lastKnownFileType = folder.assetcatalog; path = "Preview Assets.xcassets"; sourceTree = "<group>"; };
		9A8FA68B2804F0A300F959B5 /* locationTutorialTests.xctest */ = {isa = PBXFileReference; explicitFileType = wrapper.cfbundle; includeInIndex = 0; path = locationTutorialTests.xctest; sourceTree = BUILT_PRODUCTS_DIR; };
		9A8FA68F2804F0A300F959B5 /* locationTutorialTests.swift */ = {isa = PBXFileReference; lastKnownFileType = sourcecode.swift; path = locationTutorialTests.swift; sourceTree = "<group>"; };
		9A8FA6952804F0A300F959B5 /* locationTutorialUITests.xctest */ = {isa = PBXFileReference; explicitFileType = wrapper.cfbundle; includeInIndex = 0; path = locationTutorialUITests.xctest; sourceTree = BUILT_PRODUCTS_DIR; };
		9A8FA6992804F0A300F959B5 /* locationTutorialUITests.swift */ = {isa = PBXFileReference; lastKnownFileType = sourcecode.swift; path = locationTutorialUITests.swift; sourceTree = "<group>"; };
		9A8FA69B2804F0A300F959B5 /* locationTutorialUITestsLaunchTests.swift */ = {isa = PBXFileReference; lastKnownFileType = sourcecode.swift; path = locationTutorialUITestsLaunchTests.swift; sourceTree = "<group>"; };
		9A8FA6A82804F2D400F959B5 /* Info.plist */ = {isa = PBXFileReference; lastKnownFileType = text.plist; path = Info.plist; sourceTree = "<group>"; };
		9A8FA6A92804F78100F959B5 /* CorelocationDelegate.swift */ = {isa = PBXFileReference; lastKnownFileType = sourcecode.swift; path = CorelocationDelegate.swift; sourceTree = "<group>"; };
/* End PBXFileReference section */

/* Begin PBXFrameworksBuildPhase section */
		9A8FA6782804F09F00F959B5 /* Frameworks */ = {
			isa = PBXFrameworksBuildPhase;
			buildActionMask = 2147483647;
			files = (
			);
			runOnlyForDeploymentPostprocessing = 0;
		};
		9A8FA6882804F0A300F959B5 /* Frameworks */ = {
			isa = PBXFrameworksBuildPhase;
			buildActionMask = 2147483647;
			files = (
			);
			runOnlyForDeploymentPostprocessing = 0;
		};
		9A8FA6922804F0A300F959B5 /* Frameworks */ = {
			isa = PBXFrameworksBuildPhase;
			buildActionMask = 2147483647;
			files = (
			);
			runOnlyForDeploymentPostprocessing = 0;
		};
/* End PBXFrameworksBuildPhase section */

/* Begin PBXGroup section */
		9A8FA6722804F09F00F959B5 = {
			isa = PBXGroup;
			children = (
				9A8FA67D2804F09F00F959B5 /* locationTutorial */,
				9A8FA68E2804F0A300F959B5 /* locationTutorialTests */,
				9A8FA6982804F0A300F959B5 /* locationTutorialUITests */,
				9A8FA67C2804F09F00F959B5 /* Products */,
			);
			sourceTree = "<group>";
		};
		9A8FA67C2804F09F00F959B5 /* Products */ = {
			isa = PBXGroup;
			children = (
				9A8FA67B2804F09F00F959B5 /* locationTutorial.app */,
				9A8FA68B2804F0A300F959B5 /* locationTutorialTests.xctest */,
				9A8FA6952804F0A300F959B5 /* locationTutorialUITests.xctest */,
			);
			name = Products;
			sourceTree = "<group>";
		};
		9A8FA67D2804F09F00F959B5 /* locationTutorial */ = {
			isa = PBXGroup;
			children = (
				9A8FA6A82804F2D400F959B5 /* Info.plist */,
				9A8FA67E2804F09F00F959B5 /* locationTutorialApp.swift */,
				9A8FA6802804F09F00F959B5 /* ContentView.swift */,
				9A8FA6822804F0A200F959B5 /* Assets.xcassets */,
				9A8FA6842804F0A200F959B5 /* Preview Content */,
				9A8FA6A92804F78100F959B5 /* CorelocationDelegate.swift */,
			);
			path = locationTutorial;
			sourceTree = "<group>";
		};
		9A8FA6842804F0A200F959B5 /* Preview Content */ = {
			isa = PBXGroup;
			children = (
				9A8FA6852804F0A200F959B5 /* Preview Assets.xcassets */,
			);
			path = "Preview Content";
			sourceTree = "<group>";
		};
		9A8FA68E2804F0A300F959B5 /* locationTutorialTests */ = {
			isa = PBXGroup;
			children = (
				9A8FA68F2804F0A300F959B5 /* locationTutorialTests.swift */,
			);
			path = locationTutorialTests;
			sourceTree = "<group>";
		};
		9A8FA6982804F0A300F959B5 /* locationTutorialUITests */ = {
			isa = PBXGroup;
			children = (
				9A8FA6992804F0A300F959B5 /* locationTutorialUITests.swift */,
				9A8FA69B2804F0A300F959B5 /* locationTutorialUITestsLaunchTests.swift */,
			);
			path = locationTutorialUITests;
			sourceTree = "<group>";
		};
/* End PBXGroup section */

/* Begin PBXNativeTarget section */
		9A8FA67A2804F09F00F959B5 /* locationTutorial */ = {
			isa = PBXNativeTarget;
			buildConfigurationList = 9A8FA69F2804F0A300F959B5 /* Build configuration list for PBXNativeTarget "locationTutorial" */;
			buildPhases = (
				9A8FA6772804F09F00F959B5 /* Sources */,
				9A8FA6782804F09F00F959B5 /* Frameworks */,
				9A8FA6792804F09F00F959B5 /* Resources */,
			);
			buildRules = (
			);
			dependencies = (
			);
			name = locationTutorial;
			productName = locationTutorial;
			productReference = 9A8FA67B2804F09F00F959B5 /* locationTutorial.app */;
			productType = "com.apple.product-type.application";
		};
		9A8FA68A2804F0A300F959B5 /* locationTutorialTests */ = {
			isa = PBXNativeTarget;
			buildConfigurationList = 9A8FA6A22804F0A300F959B5 /* Build configuration list for PBXNativeTarget "locationTutorialTests" */;
			buildPhases = (
				9A8FA6872804F0A300F959B5 /* Sources */,
				9A8FA6882804F0A300F959B5 /* Frameworks */,
				9A8FA6892804F0A300F959B5 /* Resources */,
			);
			buildRules = (
			);
			dependencies = (
				9A8FA68D2804F0A300F959B5 /* PBXTargetDependency */,
			);
			name = locationTutorialTests;
			productName = locationTutorialTests;
			productReference = 9A8FA68B2804F0A300F959B5 /* locationTutorialTests.xctest */;
			productType = "com.apple.product-type.bundle.unit-test";
		};
		9A8FA6942804F0A300F959B5 /* locationTutorialUITests */ = {
			isa = PBXNativeTarget;
			buildConfigurationList = 9A8FA6A52804F0A300F959B5 /* Build configuration list for PBXNativeTarget "locationTutorialUITests" */;
			buildPhases = (
				9A8FA6912804F0A300F959B5 /* Sources */,
				9A8FA6922804F0A300F959B5 /* Frameworks */,
				9A8FA6932804F0A300F959B5 /* Resources */,
			);
			buildRules = (
			);
			dependencies = (
				9A8FA6972804F0A300F959B5 /* PBXTargetDependency */,
			);
			name = locationTutorialUITests;
			productName = locationTutorialUITests;
			productReference = 9A8FA6952804F0A300F959B5 /* locationTutorialUITests.xctest */;
			productType = "com.apple.product-type.bundle.ui-testing";
		};
/* End PBXNativeTarget section */

/* Begin PBXProject section */
		9A8FA6732804F09F00F959B5 /* Project object */ = {
			isa = PBXProject;
			attributes = {
				BuildIndependentTargetsInParallel = 1;
				LastSwiftUpdateCheck = 1320;
				LastUpgradeCheck = 1320;
				TargetAttributes = {
					9A8FA67A2804F09F00F959B5 = {
						CreatedOnToolsVersion = 13.2.1;
					};
					9A8FA68A2804F0A300F959B5 = {
						CreatedOnToolsVersion = 13.2.1;
						TestTargetID = 9A8FA67A2804F09F00F959B5;
					};
					9A8FA6942804F0A300F959B5 = {
						CreatedOnToolsVersion = 13.2.1;
						TestTargetID = 9A8FA67A2804F09F00F959B5;
					};
				};
			};
			buildConfigurationList = 9A8FA6762804F09F00F959B5 /* Build configuration list for PBXProject "locationTutorial" */;
			compatibilityVersion = "Xcode 13.0";
			developmentRegion = en;
			hasScannedForEncodings = 0;
			knownRegions = (
				en,
				Base,
			);
			mainGroup = 9A8FA6722804F09F00F959B5;
			productRefGroup = 9A8FA67C2804F09F00F959B5 /* Products */;
			projectDirPath = "";
			projectRoot = "";
			targets = (
				9A8FA67A2804F09F00F959B5 /* locationTutorial */,
				9A8FA68A2804F0A300F959B5 /* locationTutorialTests */,
				9A8FA6942804F0A300F959B5 /* locationTutorialUITests */,
			);
		};
/* End PBXProject section */

/* Begin PBXResourcesBuildPhase section */
		9A8FA6792804F09F00F959B5 /* Resources */ = {
			isa = PBXResourcesBuildPhase;
			buildActionMask = 2147483647;
			files = (
				9A8FA6862804F0A200F959B5 /* Preview Assets.xcassets in Resources */,
				9A8FA6832804F0A200F959B5 /* Assets.xcassets in Resources */,
			);
			runOnlyForDeploymentPostprocessing = 0;
		};
		9A8FA6892804F0A300F959B5 /* Resources */ = {
			isa = PBXResourcesBuildPhase;
			buildActionMask = 2147483647;
			files = (
			);
			runOnlyForDeploymentPostprocessing = 0;
		};
		9A8FA6932804F0A300F959B5 /* Resources */ = {
			isa = PBXResourcesBuildPhase;
			buildActionMask = 2147483647;
			files = (
			);
			runOnlyForDeploymentPostprocessing = 0;
		};
/* End PBXResourcesBuildPhase section */

/* Begin PBXSourcesBuildPhase section */
		9A8FA6772804F09F00F959B5 /* Sources */ = {
			isa = PBXSourcesBuildPhase;
			buildActionMask = 2147483647;
			files = (
				9A8FA6812804F09F00F959B5 /* ContentView.swift in Sources */,
				9A8FA67F2804F09F00F959B5 /* locationTutorialApp.swift in Sources */,
				9A8FA6AA2804F78100F959B5 /* CorelocationDelegate.swift in Sources */,
			);
			runOnlyForDeploymentPostprocessing = 0;
		};
		9A8FA6872804F0A300F959B5 /* Sources */ = {
			isa = PBXSourcesBuildPhase;
			buildActionMask = 2147483647;
			files = (
				9A8FA6902804F0A300F959B5 /* locationTutorialTests.swift in Sources */,
			);
			runOnlyForDeploymentPostprocessing = 0;
		};
		9A8FA6912804F0A300F959B5 /* Sources */ = {
			isa = PBXSourcesBuildPhase;
			buildActionMask = 2147483647;
			files = (
				9A8FA69A2804F0A300F959B5 /* locationTutorialUITests.swift in Sources */,
				9A8FA69C2804F0A300F959B5 /* locationTutorialUITestsLaunchTests.swift in Sources */,
			);
			runOnlyForDeploymentPostprocessing = 0;
		};
/* End PBXSourcesBuildPhase section */

/* Begin PBXTargetDependency section */
		9A8FA68D2804F0A300F959B5 /* PBXTargetDependency */ = {
			isa = PBXTargetDependency;
			target = 9A8FA67A2804F09F00F959B5 /* locationTutorial */;
			targetProxy = 9A8FA68C2804F0A300F959B5 /* PBXContainerItemProxy */;
		};
		9A8FA6972804F0A300F959B5 /* PBXTargetDependency */ = {
			isa = PBXTargetDependency;
			target = 9A8FA67A2804F09F00F959B5 /* locationTutorial */;
			targetProxy = 9A8FA6962804F0A300F959B5 /* PBXContainerItemProxy */;
		};
/* End PBXTargetDependency section */

/* Begin XCBuildConfiguration section */
		9A8FA69D2804F0A300F959B5 /* Debug */ = {
			isa = XCBuildConfiguration;
			buildSettings = {
				ALWAYS_SEARCH_USER_PATHS = NO;
				CLANG_ANALYZER_NONNULL = YES;
				CLANG_ANALYZER_NUMBER_OBJECT_CONVERSION = YES_AGGRESSIVE;
				CLANG_CXX_LANGUAGE_STANDARD = "gnu++17";
				CLANG_CXX_LIBRARY = "libc++";
				CLANG_ENABLE_MODULES = YES;
				CLANG_ENABLE_OBJC_ARC = YES;
				CLANG_ENABLE_OBJC_WEAK = YES;
				CLANG_WARN_BLOCK_CAPTURE_AUTORELEASING = YES;
				CLANG_WARN_BOOL_CONVERSION = YES;
				CLANG_WARN_COMMA = YES;
				CLANG_WARN_CONSTANT_CONVERSION = YES;
				CLANG_WARN_DEPRECATED_OBJC_IMPLEMENTATIONS = YES;
				CLANG_WARN_DIRECT_OBJC_ISA_USAGE = YES_ERROR;
				CLANG_WARN_DOCUMENTATION_COMMENTS = YES;
				CLANG_WARN_EMPTY_BODY = YES;
				CLANG_WARN_ENUM_CONVERSION = YES;
				CLANG_WARN_INFINITE_RECURSION = YES;
				CLANG_WARN_INT_CONVERSION = YES;
				CLANG_WARN_NON_LITERAL_NULL_CONVERSION = YES;
				CLANG_WARN_OBJC_IMPLICIT_RETAIN_SELF = YES;
				CLANG_WARN_OBJC_LITERAL_CONVERSION = YES;
				CLANG_WARN_OBJC_ROOT_CLASS = YES_ERROR;
				CLANG_WARN_QUOTED_INCLUDE_IN_FRAMEWORK_HEADER = YES;
				CLANG_WARN_RANGE_LOOP_ANALYSIS = YES;
				CLANG_WARN_STRICT_PROTOTYPES = YES;
				CLANG_WARN_SUSPICIOUS_MOVE = YES;
				CLANG_WARN_UNGUARDED_AVAILABILITY = YES_AGGRESSIVE;
				CLANG_WARN_UNREACHABLE_CODE = YES;
				CLANG_WARN__DUPLICATE_METHOD_MATCH = YES;
				COPY_PHASE_STRIP = NO;
				DEBUG_INFORMATION_FORMAT = dwarf;
				ENABLE_STRICT_OBJC_MSGSEND = YES;
				ENABLE_TESTABILITY = YES;
				GCC_C_LANGUAGE_STANDARD = gnu11;
				GCC_DYNAMIC_NO_PIC = NO;
				GCC_NO_COMMON_BLOCKS = YES;
				GCC_OPTIMIZATION_LEVEL = 0;
				GCC_PREPROCESSOR_DEFINITIONS = (
					"DEBUG=1",
					"$(inherited)",
				);
				GCC_WARN_64_TO_32_BIT_CONVERSION = YES;
				GCC_WARN_ABOUT_RETURN_TYPE = YES_ERROR;
				GCC_WARN_UNDECLARED_SELECTOR = YES;
				GCC_WARN_UNINITIALIZED_AUTOS = YES_AGGRESSIVE;
				GCC_WARN_UNUSED_FUNCTION = YES;
				GCC_WARN_UNUSED_VARIABLE = YES;
				IPHONEOS_DEPLOYMENT_TARGET = 15.2;
				MTL_ENABLE_DEBUG_INFO = INCLUDE_SOURCE;
				MTL_FAST_MATH = YES;
				ONLY_ACTIVE_ARCH = YES;
				SDKROOT = iphoneos;
				SWIFT_ACTIVE_COMPILATION_CONDITIONS = DEBUG;
				SWIFT_OPTIMIZATION_LEVEL = "-Onone";
			};
			name = Debug;
		};
		9A8FA69E2804F0A300F959B5 /* Release */ = {
			isa = XCBuildConfiguration;
			buildSettings = {
				ALWAYS_SEARCH_USER_PATHS = NO;
				CLANG_ANALYZER_NONNULL = YES;
				CLANG_ANALYZER_NUMBER_OBJECT_CONVERSION = YES_AGGRESSIVE;
				CLANG_CXX_LANGUAGE_STANDARD = "gnu++17";
				CLANG_CXX_LIBRARY = "libc++";
				CLANG_ENABLE_MODULES = YES;
				CLANG_ENABLE_OBJC_ARC = YES;
				CLANG_ENABLE_OBJC_WEAK = YES;
				CLANG_WARN_BLOCK_CAPTURE_AUTORELEASING = YES;
				CLANG_WARN_BOOL_CONVERSION = YES;
				CLANG_WARN_COMMA = YES;
				CLANG_WARN_CONSTANT_CONVERSION = YES;
				CLANG_WARN_DEPRECATED_OBJC_IMPLEMENTATIONS = YES;
				CLANG_WARN_DIRECT_OBJC_ISA_USAGE = YES_ERROR;
				CLANG_WARN_DOCUMENTATION_COMMENTS = YES;
				CLANG_WARN_EMPTY_BODY = YES;
				CLANG_WARN_ENUM_CONVERSION = YES;
				CLANG_WARN_INFINITE_RECURSION = YES;
				CLANG_WARN_INT_CONVERSION = YES;
				CLANG_WARN_NON_LITERAL_NULL_CONVERSION = YES;
				CLANG_WARN_OBJC_IMPLICIT_RETAIN_SELF = YES;
				CLANG_WARN_OBJC_LITERAL_CONVERSION = YES;
				CLANG_WARN_OBJC_ROOT_CLASS = YES_ERROR;
				CLANG_WARN_QUOTED_INCLUDE_IN_FRAMEWORK_HEADER = YES;
				CLANG_WARN_RANGE_LOOP_ANALYSIS = YES;
				CLANG_WARN_STRICT_PROTOTYPES = YES;
				CLANG_WARN_SUSPICIOUS_MOVE = YES;
				CLANG_WARN_UNGUARDED_AVAILABILITY = YES_AGGRESSIVE;
				CLANG_WARN_UNREACHABLE_CODE = YES;
				CLANG_WARN__DUPLICATE_METHOD_MATCH = YES;
				COPY_PHASE_STRIP = NO;
				DEBUG_INFORMATION_FORMAT = "dwarf-with-dsym";
				ENABLE_NS_ASSERTIONS = NO;
				ENABLE_STRICT_OBJC_MSGSEND = YES;
				GCC_C_LANGUAGE_STANDARD = gnu11;
				GCC_NO_COMMON_BLOCKS = YES;
				GCC_WARN_64_TO_32_BIT_CONVERSION = YES;
				GCC_WARN_ABOUT_RETURN_TYPE = YES_ERROR;
				GCC_WARN_UNDECLARED_SELECTOR = YES;
				GCC_WARN_UNINITIALIZED_AUTOS = YES_AGGRESSIVE;
				GCC_WARN_UNUSED_FUNCTION = YES;
				GCC_WARN_UNUSED_VARIABLE = YES;
				IPHONEOS_DEPLOYMENT_TARGET = 15.2;
				MTL_ENABLE_DEBUG_INFO = NO;
				MTL_FAST_MATH = YES;
				SDKROOT = iphoneos;
				SWIFT_COMPILATION_MODE = wholemodule;
				SWIFT_OPTIMIZATION_LEVEL = "-O";
				VALIDATE_PRODUCT = YES;
			};
			name = Release;
		};
		9A8FA6A02804F0A300F959B5 /* Debug */ = {
			isa = XCBuildConfiguration;
			buildSettings = {
				ASSETCATALOG_COMPILER_APPICON_NAME = AppIcon;
				ASSETCATALOG_COMPILER_GLOBAL_ACCENT_COLOR_NAME = AccentColor;
				CODE_SIGN_STYLE = Automatic;
				CURRENT_PROJECT_VERSION = 1;
				DEVELOPMENT_ASSET_PATHS = "\"locationTutorial/Preview Content\"";
				DEVELOPMENT_TEAM = 3WY7THCR97;
				ENABLE_PREVIEWS = YES;
				GENERATE_INFOPLIST_FILE = YES;
				INFOPLIST_FILE = locationTutorial/Info.plist;
				INFOPLIST_KEY_CFBundleDisplayName = "";
				INFOPLIST_KEY_LSApplicationCategoryType = "";
				INFOPLIST_KEY_NSLocationAlwaysAndWhenInUseUsageDescription = "queremos a sua localizacao";
				INFOPLIST_KEY_NSLocationAlwaysUsageDescription = "queremos a sua localizacao";
				INFOPLIST_KEY_NSLocationUsageDescription = "queremos a sua localizacao";
				INFOPLIST_KEY_NSLocationWhenInUseUsageDescription = "queremos sua localizacao";
				INFOPLIST_KEY_UIApplicationSceneManifest_Generation = YES;
				INFOPLIST_KEY_UIApplicationSupportsIndirectInputEvents = YES;
				INFOPLIST_KEY_UILaunchScreen_Generation = YES;
				INFOPLIST_KEY_UISupportedInterfaceOrientations_iPad = "UIInterfaceOrientationPortrait UIInterfaceOrientationPortraitUpsideDown UIInterfaceOrientationLandscapeLeft UIInterfaceOrientationLandscapeRight";
				INFOPLIST_KEY_UISupportedInterfaceOrientations_iPhone = "UIInterfaceOrientationPortrait UIInterfaceOrientationLandscapeLeft UIInterfaceOrientationLandscapeRight";
				LD_RUNPATH_SEARCH_PATHS = (
					"$(inherited)",
					"@executable_path/Frameworks",
				);
				MARKETING_VERSION = 1.0;
				PRODUCT_BUNDLE_IDENTIFIER = cs193p.locationTutorial;
				PRODUCT_NAME = "$(TARGET_NAME)";
				SWIFT_EMIT_LOC_STRINGS = YES;
				SWIFT_VERSION = 5.0;
				TARGETED_DEVICE_FAMILY = "1,2";
			};
			name = Debug;
		};
		9A8FA6A12804F0A300F959B5 /* Release */ = {
			isa = XCBuildConfiguration;
			buildSettings = {
				ASSETCATALOG_COMPILER_APPICON_NAME = AppIcon;
				ASSETCATALOG_COMPILER_GLOBAL_ACCENT_COLOR_NAME = AccentColor;
				CODE_SIGN_STYLE = Automatic;
				CURRENT_PROJECT_VERSION = 1;
				DEVELOPMENT_ASSET_PATHS = "\"locationTutorial/Preview Content\"";
				DEVELOPMENT_TEAM = 3WY7THCR97;
				ENABLE_PREVIEWS = YES;
				GENERATE_INFOPLIST_FILE = YES;
				INFOPLIST_FILE = locationTutorial/Info.plist;
				INFOPLIST_KEY_CFBundleDisplayName = "";
				INFOPLIST_KEY_LSApplicationCategoryType = "";
				INFOPLIST_KEY_NSLocationAlwaysAndWhenInUseUsageDescription = "queremos a sua localizacao";
				INFOPLIST_KEY_NSLocationAlwaysUsageDescription = "queremos a sua localizacao";
				INFOPLIST_KEY_NSLocationUsageDescription = "queremos a sua localizacao";
				INFOPLIST_KEY_NSLocationWhenInUseUsageDescription = "queremos sua localizacao";
				INFOPLIST_KEY_UIApplicationSceneManifest_Generation = YES;
				INFOPLIST_KEY_UIApplicationSupportsIndirectInputEvents = YES;
				INFOPLIST_KEY_UILaunchScreen_Generation = YES;
				INFOPLIST_KEY_UISupportedInterfaceOrientations_iPad = "UIInterfaceOrientationPortrait UIInterfaceOrientationPortraitUpsideDown UIInterfaceOrientationLandscapeLeft UIInterfaceOrientationLandscapeRight";
				INFOPLIST_KEY_UISupportedInterfaceOrientations_iPhone = "UIInterfaceOrientationPortrait UIInterfaceOrientationLandscapeLeft UIInterfaceOrientationLandscapeRight";
				LD_RUNPATH_SEARCH_PATHS = (
					"$(inherited)",
					"@executable_path/Frameworks",
				);
				MARKETING_VERSION = 1.0;
				PRODUCT_BUNDLE_IDENTIFIER = cs193p.locationTutorial;
				PRODUCT_NAME = "$(TARGET_NAME)";
				SWIFT_EMIT_LOC_STRINGS = YES;
				SWIFT_VERSION = 5.0;
				TARGETED_DEVICE_FAMILY = "1,2";
			};
			name = Release;
		};
		9A8FA6A32804F0A300F959B5 /* Debug */ = {
			isa = XCBuildConfiguration;
			buildSettings = {
				ALWAYS_EMBED_SWIFT_STANDARD_LIBRARIES = YES;
				BUNDLE_LOADER = "$(TEST_HOST)";
				CODE_SIGN_STYLE = Automatic;
				CURRENT_PROJECT_VERSION = 1;
				DEVELOPMENT_TEAM = 3WY7THCR97;
				GENERATE_INFOPLIST_FILE = YES;
				IPHONEOS_DEPLOYMENT_TARGET = 15.2;
				MARKETING_VERSION = 1.0;
				PRODUCT_BUNDLE_IDENTIFIER = cs193p.locationTutorialTests;
				PRODUCT_NAME = "$(TARGET_NAME)";
				SWIFT_EMIT_LOC_STRINGS = NO;
				SWIFT_VERSION = 5.0;
				TARGETED_DEVICE_FAMILY = "1,2";
				TEST_HOST = "$(BUILT_PRODUCTS_DIR)/locationTutorial.app/locationTutorial";
			};
			name = Debug;
		};
		9A8FA6A42804F0A300F959B5 /* Release */ = {
			isa = XCBuildConfiguration;
			buildSettings = {
				ALWAYS_EMBED_SWIFT_STANDARD_LIBRARIES = YES;
				BUNDLE_LOADER = "$(TEST_HOST)";
				CODE_SIGN_STYLE = Automatic;
				CURRENT_PROJECT_VERSION = 1;
				DEVELOPMENT_TEAM = 3WY7THCR97;
				GENERATE_INFOPLIST_FILE = YES;
				IPHONEOS_DEPLOYMENT_TARGET = 15.2;
				MARKETING_VERSION = 1.0;
				PRODUCT_BUNDLE_IDENTIFIER = cs193p.locationTutorialTests;
				PRODUCT_NAME = "$(TARGET_NAME)";
				SWIFT_EMIT_LOC_STRINGS = NO;
				SWIFT_VERSION = 5.0;
				TARGETED_DEVICE_FAMILY = "1,2";
				TEST_HOST = "$(BUILT_PRODUCTS_DIR)/locationTutorial.app/locationTutorial";
			};
			name = Release;
		};
		9A8FA6A62804F0A300F959B5 /* Debug */ = {
			isa = XCBuildConfiguration;
			buildSettings = {
				ALWAYS_EMBED_SWIFT_STANDARD_LIBRARIES = YES;
				CODE_SIGN_STYLE = Automatic;
				CURRENT_PROJECT_VERSION = 1;
				DEVELOPMENT_TEAM = 3WY7THCR97;
				GENERATE_INFOPLIST_FILE = YES;
				MARKETING_VERSION = 1.0;
				PRODUCT_BUNDLE_IDENTIFIER = cs193p.locationTutorialUITests;
				PRODUCT_NAME = "$(TARGET_NAME)";
				SWIFT_EMIT_LOC_STRINGS = NO;
				SWIFT_VERSION = 5.0;
				TARGETED_DEVICE_FAMILY = "1,2";
				TEST_TARGET_NAME = locationTutorial;
			};
			name = Debug;
		};
		9A8FA6A72804F0A300F959B5 /* Release */ = {
			isa = XCBuildConfiguration;
			buildSettings = {
				ALWAYS_EMBED_SWIFT_STANDARD_LIBRARIES = YES;
				CODE_SIGN_STYLE = Automatic;
				CURRENT_PROJECT_VERSION = 1;
				DEVELOPMENT_TEAM = 3WY7THCR97;
				GENERATE_INFOPLIST_FILE = YES;
				MARKETING_VERSION = 1.0;
				PRODUCT_BUNDLE_IDENTIFIER = cs193p.locationTutorialUITests;
				PRODUCT_NAME = "$(TARGET_NAME)";
				SWIFT_EMIT_LOC_STRINGS = NO;
				SWIFT_VERSION = 5.0;
				TARGETED_DEVICE_FAMILY = "1,2";
				TEST_TARGET_NAME = locationTutorial;
			};
			name = Release;
		};
/* End XCBuildConfiguration section */

/* Begin XCConfigurationList section */
		9A8FA6762804F09F00F959B5 /* Build configuration list for PBXProject "locationTutorial" */ = {
			isa = XCConfigurationList;
			buildConfigurations = (
				9A8FA69D2804F0A300F959B5 /* Debug */,
				9A8FA69E2804F0A300F959B5 /* Release */,
			);
			defaultConfigurationIsVisible = 0;
			defaultConfigurationName = Release;
		};
		9A8FA69F2804F0A300F959B5 /* Build configuration list for PBXNativeTarget "locationTutorial" */ = {
			isa = XCConfigurationList;
			buildConfigurations = (
				9A8FA6A02804F0A300F959B5 /* Debug */,
				9A8FA6A12804F0A300F959B5 /* Release */,
			);
			defaultConfigurationIsVisible = 0;
			defaultConfigurationName = Release;
		};
		9A8FA6A22804F0A300F959B5 /* Build configuration list for PBXNativeTarget "locationTutorialTests" */ = {
			isa = XCConfigurationList;
			buildConfigurations = (
				9A8FA6A32804F0A300F959B5 /* Debug */,
				9A8FA6A42804F0A300F959B5 /* Release */,
			);
			defaultConfigurationIsVisible = 0;
			defaultConfigurationName = Release;
		};
		9A8FA6A52804F0A300F959B5 /* Build configuration list for PBXNativeTarget "locationTutorialUITests" */ = {
			isa = XCConfigurationList;
			buildConfigurations = (
				9A8FA6A62804F0A300F959B5 /* Debug */,
				9A8FA6A72804F0A300F959B5 /* Release */,
			);
			defaultConfigurationIsVisible = 0;
			defaultConfigurationName = Release;
		};
/* End XCConfigurationList section */
	};
	rootObject = 9A8FA6732804F09F00F959B5 /* Project object */;
}
