// !$*UTF8*$!
{
	archiveVersion = 1;
	classes = {
	};
	objectVersion = 55;
	objects = {

/* Begin PBXBuildFile section */
		9A6F4FF827E0ED3700D8CB27 /* AppDelegate.swift in Sources */ = {isa = PBXBuildFile; fileRef = 9A6F4FF727E0ED3700D8CB27 /* AppDelegate.swift */; };
		9A6F4FFA27E0ED3700D8CB27 /* SceneDelegate.swift in Sources */ = {isa = PBXBuildFile; fileRef = 9A6F4FF927E0ED3700D8CB27 /* SceneDelegate.swift */; };
		9A6F4FFC27E0ED3700D8CB27 /* ViewController.swift in Sources */ = {isa = PBXBuildFile; fileRef = 9A6F4FFB27E0ED3700D8CB27 /* ViewController.swift */; };
		9A6F4FFF27E0ED3700D8CB27 /* Main.storyboard in Resources */ = {isa = PBXBuildFile; fileRef = 9A6F4FFD27E0ED3700D8CB27 /* Main.storyboard */; };
		9A6F500127E0ED3900D8CB27 /* Assets.xcassets in Resources */ = {isa = PBXBuildFile; fileRef = 9A6F500027E0ED3900D8CB27 /* Assets.xcassets */; };
		9A6F500427E0ED3900D8CB27 /* LaunchScreen.storyboard in Resources */ = {isa = PBXBuildFile; fileRef = 9A6F500227E0ED3900D8CB27 /* LaunchScreen.storyboard */; };
		9A6F500F27E0ED3900D8CB27 /* StoryBoardTests.swift in Sources */ = {isa = PBXBuildFile; fileRef = 9A6F500E27E0ED3900D8CB27 /* StoryBoardTests.swift */; };
		9A6F501927E0ED3900D8CB27 /* StoryBoardUITests.swift in Sources */ = {isa = PBXBuildFile; fileRef = 9A6F501827E0ED3900D8CB27 /* StoryBoardUITests.swift */; };
		9A6F501B27E0ED3900D8CB27 /* StoryBoardUITestsLaunchTests.swift in Sources */ = {isa = PBXBuildFile; fileRef = 9A6F501A27E0ED3900D8CB27 /* StoryBoardUITestsLaunchTests.swift */; };
		9A6F502827E111F400D8CB27 /* Card.swift in Sources */ = {isa = PBXBuildFile; fileRef = 9A6F502727E111F400D8CB27 /* Card.swift */; };
		9A6F502A27E11B9400D8CB27 /* CardCell.swift in Sources */ = {isa = PBXBuildFile; fileRef = 9A6F502927E11B9400D8CB27 /* CardCell.swift */; };
		9A6F502C27E1280F00D8CB27 /* DetailViewController.swift in Sources */ = {isa = PBXBuildFile; fileRef = 9A6F502B27E1280F00D8CB27 /* DetailViewController.swift */; };
/* End PBXBuildFile section */

/* Begin PBXContainerItemProxy section */
		9A6F500B27E0ED3900D8CB27 /* PBXContainerItemProxy */ = {
			isa = PBXContainerItemProxy;
			containerPortal = 9A6F4FEC27E0ED3700D8CB27 /* Project object */;
			proxyType = 1;
			remoteGlobalIDString = 9A6F4FF327E0ED3700D8CB27;
			remoteInfo = StoryBoard;
		};
		9A6F501527E0ED3900D8CB27 /* PBXContainerItemProxy */ = {
			isa = PBXContainerItemProxy;
			containerPortal = 9A6F4FEC27E0ED3700D8CB27 /* Project object */;
			proxyType = 1;
			remoteGlobalIDString = 9A6F4FF327E0ED3700D8CB27;
			remoteInfo = StoryBoard;
		};
/* End PBXContainerItemProxy section */

/* Begin PBXFileReference section */
		9A6F4FF427E0ED3700D8CB27 /* StoryBoard.app */ = {isa = PBXFileReference; explicitFileType = wrapper.application; includeInIndex = 0; path = StoryBoard.app; sourceTree = BUILT_PRODUCTS_DIR; };
		9A6F4FF727E0ED3700D8CB27 /* AppDelegate.swift */ = {isa = PBXFileReference; lastKnownFileType = sourcecode.swift; path = AppDelegate.swift; sourceTree = "<group>"; };
		9A6F4FF927E0ED3700D8CB27 /* SceneDelegate.swift */ = {isa = PBXFileReference; lastKnownFileType = sourcecode.swift; path = SceneDelegate.swift; sourceTree = "<group>"; };
		9A6F4FFB27E0ED3700D8CB27 /* ViewController.swift */ = {isa = PBXFileReference; lastKnownFileType = sourcecode.swift; path = ViewController.swift; sourceTree = "<group>"; };
		9A6F4FFE27E0ED3700D8CB27 /* Base */ = {isa = PBXFileReference; lastKnownFileType = file.storyboard; name = Base; path = Base.lproj/Main.storyboard; sourceTree = "<group>"; };
		9A6F500027E0ED3900D8CB27 /* Assets.xcassets */ = {isa = PBXFileReference; lastKnownFileType = folder.assetcatalog; path = Assets.xcassets; sourceTree = "<group>"; };
		9A6F500327E0ED3900D8CB27 /* Base */ = {isa = PBXFileReference; lastKnownFileType = file.storyboard; name = Base; path = Base.lproj/LaunchScreen.storyboard; sourceTree = "<group>"; };
		9A6F500527E0ED3900D8CB27 /* Info.plist */ = {isa = PBXFileReference; lastKnownFileType = text.plist.xml; path = Info.plist; sourceTree = "<group>"; };
		9A6F500A27E0ED3900D8CB27 /* StoryBoardTests.xctest */ = {isa = PBXFileReference; explicitFileType = wrapper.cfbundle; includeInIndex = 0; path = StoryBoardTests.xctest; sourceTree = BUILT_PRODUCTS_DIR; };
		9A6F500E27E0ED3900D8CB27 /* StoryBoardTests.swift */ = {isa = PBXFileReference; lastKnownFileType = sourcecode.swift; path = StoryBoardTests.swift; sourceTree = "<group>"; };
		9A6F501427E0ED3900D8CB27 /* StoryBoardUITests.xctest */ = {isa = PBXFileReference; explicitFileType = wrapper.cfbundle; includeInIndex = 0; path = StoryBoardUITests.xctest; sourceTree = BUILT_PRODUCTS_DIR; };
		9A6F501827E0ED3900D8CB27 /* StoryBoardUITests.swift */ = {isa = PBXFileReference; lastKnownFileType = sourcecode.swift; path = StoryBoardUITests.swift; sourceTree = "<group>"; };
		9A6F501A27E0ED3900D8CB27 /* StoryBoardUITestsLaunchTests.swift */ = {isa = PBXFileReference; lastKnownFileType = sourcecode.swift; path = StoryBoardUITestsLaunchTests.swift; sourceTree = "<group>"; };
		9A6F502727E111F400D8CB27 /* Card.swift */ = {isa = PBXFileReference; lastKnownFileType = sourcecode.swift; path = Card.swift; sourceTree = "<group>"; };
		9A6F502927E11B9400D8CB27 /* CardCell.swift */ = {isa = PBXFileReference; lastKnownFileType = sourcecode.swift; path = CardCell.swift; sourceTree = "<group>"; };
		9A6F502B27E1280F00D8CB27 /* DetailViewController.swift */ = {isa = PBXFileReference; lastKnownFileType = sourcecode.swift; path = DetailViewController.swift; sourceTree = "<group>"; };
/* End PBXFileReference section */

/* Begin PBXFrameworksBuildPhase section */
		9A6F4FF127E0ED3700D8CB27 /* Frameworks */ = {
			isa = PBXFrameworksBuildPhase;
			buildActionMask = 2147483647;
			files = (
			);
			runOnlyForDeploymentPostprocessing = 0;
		};
		9A6F500727E0ED3900D8CB27 /* Frameworks */ = {
			isa = PBXFrameworksBuildPhase;
			buildActionMask = 2147483647;
			files = (
			);
			runOnlyForDeploymentPostprocessing = 0;
		};
		9A6F501127E0ED3900D8CB27 /* Frameworks */ = {
			isa = PBXFrameworksBuildPhase;
			buildActionMask = 2147483647;
			files = (
			);
			runOnlyForDeploymentPostprocessing = 0;
		};
/* End PBXFrameworksBuildPhase section */

/* Begin PBXGroup section */
		9A6F4FEB27E0ED3700D8CB27 = {
			isa = PBXGroup;
			children = (
				9A6F4FF627E0ED3700D8CB27 /* StoryBoard */,
				9A6F500D27E0ED3900D8CB27 /* StoryBoardTests */,
				9A6F501727E0ED3900D8CB27 /* StoryBoardUITests */,
				9A6F4FF527E0ED3700D8CB27 /* Products */,
			);
			sourceTree = "<group>";
		};
		9A6F4FF527E0ED3700D8CB27 /* Products */ = {
			isa = PBXGroup;
			children = (
				9A6F4FF427E0ED3700D8CB27 /* StoryBoard.app */,
				9A6F500A27E0ED3900D8CB27 /* StoryBoardTests.xctest */,
				9A6F501427E0ED3900D8CB27 /* StoryBoardUITests.xctest */,
			);
			name = Products;
			sourceTree = "<group>";
		};
		9A6F4FF627E0ED3700D8CB27 /* StoryBoard */ = {
			isa = PBXGroup;
			children = (
				9A6F4FF727E0ED3700D8CB27 /* AppDelegate.swift */,
				9A6F4FF927E0ED3700D8CB27 /* SceneDelegate.swift */,
				9A6F4FFB27E0ED3700D8CB27 /* ViewController.swift */,
				9A6F502727E111F400D8CB27 /* Card.swift */,
				9A6F502927E11B9400D8CB27 /* CardCell.swift */,
				9A6F4FFD27E0ED3700D8CB27 /* Main.storyboard */,
				9A6F502B27E1280F00D8CB27 /* DetailViewController.swift */,
				9A6F500027E0ED3900D8CB27 /* Assets.xcassets */,
				9A6F500227E0ED3900D8CB27 /* LaunchScreen.storyboard */,
				9A6F500527E0ED3900D8CB27 /* Info.plist */,
			);
			path = StoryBoard;
			sourceTree = "<group>";
		};
		9A6F500D27E0ED3900D8CB27 /* StoryBoardTests */ = {
			isa = PBXGroup;
			children = (
				9A6F500E27E0ED3900D8CB27 /* StoryBoardTests.swift */,
			);
			path = StoryBoardTests;
			sourceTree = "<group>";
		};
		9A6F501727E0ED3900D8CB27 /* StoryBoardUITests */ = {
			isa = PBXGroup;
			children = (
				9A6F501827E0ED3900D8CB27 /* StoryBoardUITests.swift */,
				9A6F501A27E0ED3900D8CB27 /* StoryBoardUITestsLaunchTests.swift */,
			);
			path = StoryBoardUITests;
			sourceTree = "<group>";
		};
/* End PBXGroup section */

/* Begin PBXNativeTarget section */
		9A6F4FF327E0ED3700D8CB27 /* StoryBoard */ = {
			isa = PBXNativeTarget;
			buildConfigurationList = 9A6F501E27E0ED3900D8CB27 /* Build configuration list for PBXNativeTarget "StoryBoard" */;
			buildPhases = (
				9A6F4FF027E0ED3700D8CB27 /* Sources */,
				9A6F4FF127E0ED3700D8CB27 /* Frameworks */,
				9A6F4FF227E0ED3700D8CB27 /* Resources */,
			);
			buildRules = (
			);
			dependencies = (
			);
			name = StoryBoard;
			productName = StoryBoard;
			productReference = 9A6F4FF427E0ED3700D8CB27 /* StoryBoard.app */;
			productType = "com.apple.product-type.application";
		};
		9A6F500927E0ED3900D8CB27 /* StoryBoardTests */ = {
			isa = PBXNativeTarget;
			buildConfigurationList = 9A6F502127E0ED3900D8CB27 /* Build configuration list for PBXNativeTarget "StoryBoardTests" */;
			buildPhases = (
				9A6F500627E0ED3900D8CB27 /* Sources */,
				9A6F500727E0ED3900D8CB27 /* Frameworks */,
				9A6F500827E0ED3900D8CB27 /* Resources */,
			);
			buildRules = (
			);
			dependencies = (
				9A6F500C27E0ED3900D8CB27 /* PBXTargetDependency */,
			);
			name = StoryBoardTests;
			productName = StoryBoardTests;
			productReference = 9A6F500A27E0ED3900D8CB27 /* StoryBoardTests.xctest */;
			productType = "com.apple.product-type.bundle.unit-test";
		};
		9A6F501327E0ED3900D8CB27 /* StoryBoardUITests */ = {
			isa = PBXNativeTarget;
			buildConfigurationList = 9A6F502427E0ED3900D8CB27 /* Build configuration list for PBXNativeTarget "StoryBoardUITests" */;
			buildPhases = (
				9A6F501027E0ED3900D8CB27 /* Sources */,
				9A6F501127E0ED3900D8CB27 /* Frameworks */,
				9A6F501227E0ED3900D8CB27 /* Resources */,
			);
			buildRules = (
			);
			dependencies = (
				9A6F501627E0ED3900D8CB27 /* PBXTargetDependency */,
			);
			name = StoryBoardUITests;
			productName = StoryBoardUITests;
			productReference = 9A6F501427E0ED3900D8CB27 /* StoryBoardUITests.xctest */;
			productType = "com.apple.product-type.bundle.ui-testing";
		};
/* End PBXNativeTarget section */

/* Begin PBXProject section */
		9A6F4FEC27E0ED3700D8CB27 /* Project object */ = {
			isa = PBXProject;
			attributes = {
				BuildIndependentTargetsInParallel = 1;
				LastSwiftUpdateCheck = 1320;
				LastUpgradeCheck = 1320;
				TargetAttributes = {
					9A6F4FF327E0ED3700D8CB27 = {
						CreatedOnToolsVersion = 13.2.1;
					};
					9A6F500927E0ED3900D8CB27 = {
						CreatedOnToolsVersion = 13.2.1;
						TestTargetID = 9A6F4FF327E0ED3700D8CB27;
					};
					9A6F501327E0ED3900D8CB27 = {
						CreatedOnToolsVersion = 13.2.1;
						TestTargetID = 9A6F4FF327E0ED3700D8CB27;
					};
				};
			};
			buildConfigurationList = 9A6F4FEF27E0ED3700D8CB27 /* Build configuration list for PBXProject "StoryBoard" */;
			compatibilityVersion = "Xcode 13.0";
			developmentRegion = en;
			hasScannedForEncodings = 0;
			knownRegions = (
				en,
				Base,
			);
			mainGroup = 9A6F4FEB27E0ED3700D8CB27;
			productRefGroup = 9A6F4FF527E0ED3700D8CB27 /* Products */;
			projectDirPath = "";
			projectRoot = "";
			targets = (
				9A6F4FF327E0ED3700D8CB27 /* StoryBoard */,
				9A6F500927E0ED3900D8CB27 /* StoryBoardTests */,
				9A6F501327E0ED3900D8CB27 /* StoryBoardUITests */,
			);
		};
/* End PBXProject section */

/* Begin PBXResourcesBuildPhase section */
		9A6F4FF227E0ED3700D8CB27 /* Resources */ = {
			isa = PBXResourcesBuildPhase;
			buildActionMask = 2147483647;
			files = (
				9A6F500427E0ED3900D8CB27 /* LaunchScreen.storyboard in Resources */,
				9A6F500127E0ED3900D8CB27 /* Assets.xcassets in Resources */,
				9A6F4FFF27E0ED3700D8CB27 /* Main.storyboard in Resources */,
			);
			runOnlyForDeploymentPostprocessing = 0;
		};
		9A6F500827E0ED3900D8CB27 /* Resources */ = {
			isa = PBXResourcesBuildPhase;
			buildActionMask = 2147483647;
			files = (
			);
			runOnlyForDeploymentPostprocessing = 0;
		};
		9A6F501227E0ED3900D8CB27 /* Resources */ = {
			isa = PBXResourcesBuildPhase;
			buildActionMask = 2147483647;
			files = (
			);
			runOnlyForDeploymentPostprocessing = 0;
		};
/* End PBXResourcesBuildPhase section */

/* Begin PBXSourcesBuildPhase section */
		9A6F4FF027E0ED3700D8CB27 /* Sources */ = {
			isa = PBXSourcesBuildPhase;
			buildActionMask = 2147483647;
			files = (
				9A6F502A27E11B9400D8CB27 /* CardCell.swift in Sources */,
				9A6F4FFC27E0ED3700D8CB27 /* ViewController.swift in Sources */,
				9A6F4FF827E0ED3700D8CB27 /* AppDelegate.swift in Sources */,
				9A6F502C27E1280F00D8CB27 /* DetailViewController.swift in Sources */,
				9A6F4FFA27E0ED3700D8CB27 /* SceneDelegate.swift in Sources */,
				9A6F502827E111F400D8CB27 /* Card.swift in Sources */,
			);
			runOnlyForDeploymentPostprocessing = 0;
		};
		9A6F500627E0ED3900D8CB27 /* Sources */ = {
			isa = PBXSourcesBuildPhase;
			buildActionMask = 2147483647;
			files = (
				9A6F500F27E0ED3900D8CB27 /* StoryBoardTests.swift in Sources */,
			);
			runOnlyForDeploymentPostprocessing = 0;
		};
		9A6F501027E0ED3900D8CB27 /* Sources */ = {
			isa = PBXSourcesBuildPhase;
			buildActionMask = 2147483647;
			files = (
				9A6F501927E0ED3900D8CB27 /* StoryBoardUITests.swift in Sources */,
				9A6F501B27E0ED3900D8CB27 /* StoryBoardUITestsLaunchTests.swift in Sources */,
			);
			runOnlyForDeploymentPostprocessing = 0;
		};
/* End PBXSourcesBuildPhase section */

/* Begin PBXTargetDependency section */
		9A6F500C27E0ED3900D8CB27 /* PBXTargetDependency */ = {
			isa = PBXTargetDependency;
			target = 9A6F4FF327E0ED3700D8CB27 /* StoryBoard */;
			targetProxy = 9A6F500B27E0ED3900D8CB27 /* PBXContainerItemProxy */;
		};
		9A6F501627E0ED3900D8CB27 /* PBXTargetDependency */ = {
			isa = PBXTargetDependency;
			target = 9A6F4FF327E0ED3700D8CB27 /* StoryBoard */;
			targetProxy = 9A6F501527E0ED3900D8CB27 /* PBXContainerItemProxy */;
		};
/* End PBXTargetDependency section */

/* Begin PBXVariantGroup section */
		9A6F4FFD27E0ED3700D8CB27 /* Main.storyboard */ = {
			isa = PBXVariantGroup;
			children = (
				9A6F4FFE27E0ED3700D8CB27 /* Base */,
			);
			name = Main.storyboard;
			sourceTree = "<group>";
		};
		9A6F500227E0ED3900D8CB27 /* LaunchScreen.storyboard */ = {
			isa = PBXVariantGroup;
			children = (
				9A6F500327E0ED3900D8CB27 /* Base */,
			);
			name = LaunchScreen.storyboard;
			sourceTree = "<group>";
		};
/* End PBXVariantGroup section */

/* Begin XCBuildConfiguration section */
		9A6F501C27E0ED3900D8CB27 /* Debug */ = {
			isa = XCBuildConfiguration;
			buildSettings = {
				ALWAYS_SEARCH_USER_PATHS = NO;
				CLANG_ANALYZER_NONNULL = YES;
				CLANG_ANALYZER_NUMBER_OBJECT_CONVERSION = YES_AGGRESSIVE;
				CLANG_CXX_LANGUAGE_STANDARD = "gnu++17";
				CLANG_CXX_LIBRARY = "libc++";
				CLANG_ENABLE_MODULES = YES;
				CLANG_ENABLE_OBJC_ARC = YES;
				CLANG_ENABLE_OBJC_WEAK = YES;
				CLANG_WARN_BLOCK_CAPTURE_AUTORELEASING = YES;
				CLANG_WARN_BOOL_CONVERSION = YES;
				CLANG_WARN_COMMA = YES;
				CLANG_WARN_CONSTANT_CONVERSION = YES;
				CLANG_WARN_DEPRECATED_OBJC_IMPLEMENTATIONS = YES;
				CLANG_WARN_DIRECT_OBJC_ISA_USAGE = YES_ERROR;
				CLANG_WARN_DOCUMENTATION_COMMENTS = YES;
				CLANG_WARN_EMPTY_BODY = YES;
				CLANG_WARN_ENUM_CONVERSION = YES;
				CLANG_WARN_INFINITE_RECURSION = YES;
				CLANG_WARN_INT_CONVERSION = YES;
				CLANG_WARN_NON_LITERAL_NULL_CONVERSION = YES;
				CLANG_WARN_OBJC_IMPLICIT_RETAIN_SELF = YES;
				CLANG_WARN_OBJC_LITERAL_CONVERSION = YES;
				CLANG_WARN_OBJC_ROOT_CLASS = YES_ERROR;
				CLANG_WARN_QUOTED_INCLUDE_IN_FRAMEWORK_HEADER = YES;
				CLANG_WARN_RANGE_LOOP_ANALYSIS = YES;
				CLANG_WARN_STRICT_PROTOTYPES = YES;
				CLANG_WARN_SUSPICIOUS_MOVE = YES;
				CLANG_WARN_UNGUARDED_AVAILABILITY = YES_AGGRESSIVE;
				CLANG_WARN_UNREACHABLE_CODE = YES;
				CLANG_WARN__DUPLICATE_METHOD_MATCH = YES;
				COPY_PHASE_STRIP = NO;
				DEBUG_INFORMATION_FORMAT = dwarf;
				ENABLE_STRICT_OBJC_MSGSEND = YES;
				ENABLE_TESTABILITY = YES;
				GCC_C_LANGUAGE_STANDARD = gnu11;
				GCC_DYNAMIC_NO_PIC = NO;
				GCC_NO_COMMON_BLOCKS = YES;
				GCC_OPTIMIZATION_LEVEL = 0;
				GCC_PREPROCESSOR_DEFINITIONS = (
					"DEBUG=1",
					"$(inherited)",
				);
				GCC_WARN_64_TO_32_BIT_CONVERSION = YES;
				GCC_WARN_ABOUT_RETURN_TYPE = YES_ERROR;
				GCC_WARN_UNDECLARED_SELECTOR = YES;
				GCC_WARN_UNINITIALIZED_AUTOS = YES_AGGRESSIVE;
				GCC_WARN_UNUSED_FUNCTION = YES;
				GCC_WARN_UNUSED_VARIABLE = YES;
				IPHONEOS_DEPLOYMENT_TARGET = 15.2;
				MTL_ENABLE_DEBUG_INFO = INCLUDE_SOURCE;
				MTL_FAST_MATH = YES;
				ONLY_ACTIVE_ARCH = YES;
				SDKROOT = iphoneos;
				SWIFT_ACTIVE_COMPILATION_CONDITIONS = DEBUG;
				SWIFT_OPTIMIZATION_LEVEL = "-Onone";
			};
			name = Debug;
		};
		9A6F501D27E0ED3900D8CB27 /* Release */ = {
			isa = XCBuildConfiguration;
			buildSettings = {
				ALWAYS_SEARCH_USER_PATHS = NO;
				CLANG_ANALYZER_NONNULL = YES;
				CLANG_ANALYZER_NUMBER_OBJECT_CONVERSION = YES_AGGRESSIVE;
				CLANG_CXX_LANGUAGE_STANDARD = "gnu++17";
				CLANG_CXX_LIBRARY = "libc++";
				CLANG_ENABLE_MODULES = YES;
				CLANG_ENABLE_OBJC_ARC = YES;
				CLANG_ENABLE_OBJC_WEAK = YES;
				CLANG_WARN_BLOCK_CAPTURE_AUTORELEASING = YES;
				CLANG_WARN_BOOL_CONVERSION = YES;
				CLANG_WARN_COMMA = YES;
				CLANG_WARN_CONSTANT_CONVERSION = YES;
				CLANG_WARN_DEPRECATED_OBJC_IMPLEMENTATIONS = YES;
				CLANG_WARN_DIRECT_OBJC_ISA_USAGE = YES_ERROR;
				CLANG_WARN_DOCUMENTATION_COMMENTS = YES;
				CLANG_WARN_EMPTY_BODY = YES;
				CLANG_WARN_ENUM_CONVERSION = YES;
				CLANG_WARN_INFINITE_RECURSION = YES;
				CLANG_WARN_INT_CONVERSION = YES;
				CLANG_WARN_NON_LITERAL_NULL_CONVERSION = YES;
				CLANG_WARN_OBJC_IMPLICIT_RETAIN_SELF = YES;
				CLANG_WARN_OBJC_LITERAL_CONVERSION = YES;
				CLANG_WARN_OBJC_ROOT_CLASS = YES_ERROR;
				CLANG_WARN_QUOTED_INCLUDE_IN_FRAMEWORK_HEADER = YES;
				CLANG_WARN_RANGE_LOOP_ANALYSIS = YES;
				CLANG_WARN_STRICT_PROTOTYPES = YES;
				CLANG_WARN_SUSPICIOUS_MOVE = YES;
				CLANG_WARN_UNGUARDED_AVAILABILITY = YES_AGGRESSIVE;
				CLANG_WARN_UNREACHABLE_CODE = YES;
				CLANG_WARN__DUPLICATE_METHOD_MATCH = YES;
				COPY_PHASE_STRIP = NO;
				DEBUG_INFORMATION_FORMAT = "dwarf-with-dsym";
				ENABLE_NS_ASSERTIONS = NO;
				ENABLE_STRICT_OBJC_MSGSEND = YES;
				GCC_C_LANGUAGE_STANDARD = gnu11;
				GCC_NO_COMMON_BLOCKS = YES;
				GCC_WARN_64_TO_32_BIT_CONVERSION = YES;
				GCC_WARN_ABOUT_RETURN_TYPE = YES_ERROR;
				GCC_WARN_UNDECLARED_SELECTOR = YES;
				GCC_WARN_UNINITIALIZED_AUTOS = YES_AGGRESSIVE;
				GCC_WARN_UNUSED_FUNCTION = YES;
				GCC_WARN_UNUSED_VARIABLE = YES;
				IPHONEOS_DEPLOYMENT_TARGET = 15.2;
				MTL_ENABLE_DEBUG_INFO = NO;
				MTL_FAST_MATH = YES;
				SDKROOT = iphoneos;
				SWIFT_COMPILATION_MODE = wholemodule;
				SWIFT_OPTIMIZATION_LEVEL = "-O";
				VALIDATE_PRODUCT = YES;
			};
			name = Release;
		};
		9A6F501F27E0ED3900D8CB27 /* Debug */ = {
			isa = XCBuildConfiguration;
			buildSettings = {
				ASSETCATALOG_COMPILER_APPICON_NAME = AppIcon;
				ASSETCATALOG_COMPILER_GLOBAL_ACCENT_COLOR_NAME = AccentColor;
				CODE_SIGN_STYLE = Automatic;
				CURRENT_PROJECT_VERSION = 1;
				DEVELOPMENT_TEAM = 3WY7THCR97;
				GENERATE_INFOPLIST_FILE = YES;
				INFOPLIST_FILE = StoryBoard/Info.plist;
				INFOPLIST_KEY_UIApplicationSupportsIndirectInputEvents = YES;
				INFOPLIST_KEY_UILaunchStoryboardName = LaunchScreen;
				INFOPLIST_KEY_UIMainStoryboardFile = Main;
				INFOPLIST_KEY_UISupportedInterfaceOrientations_iPad = "UIInterfaceOrientationPortrait UIInterfaceOrientationPortraitUpsideDown UIInterfaceOrientationLandscapeLeft UIInterfaceOrientationLandscapeRight";
				INFOPLIST_KEY_UISupportedInterfaceOrientations_iPhone = "UIInterfaceOrientationPortrait UIInterfaceOrientationLandscapeLeft UIInterfaceOrientationLandscapeRight";
				LD_RUNPATH_SEARCH_PATHS = (
					"$(inherited)",
					"@executable_path/Frameworks",
				);
				MARKETING_VERSION = 1.0;
				PRODUCT_BUNDLE_IDENTIFIER = cs193p.StoryBoard;
				PRODUCT_NAME = "$(TARGET_NAME)";
				SWIFT_EMIT_LOC_STRINGS = YES;
				SWIFT_VERSION = 5.0;
				TARGETED_DEVICE_FAMILY = "1,2";
			};
			name = Debug;
		};
		9A6F502027E0ED3900D8CB27 /* Release */ = {
			isa = XCBuildConfiguration;
			buildSettings = {
				ASSETCATALOG_COMPILER_APPICON_NAME = AppIcon;
				ASSETCATALOG_COMPILER_GLOBAL_ACCENT_COLOR_NAME = AccentColor;
				CODE_SIGN_STYLE = Automatic;
				CURRENT_PROJECT_VERSION = 1;
				DEVELOPMENT_TEAM = 3WY7THCR97;
				GENERATE_INFOPLIST_FILE = YES;
				INFOPLIST_FILE = StoryBoard/Info.plist;
				INFOPLIST_KEY_UIApplicationSupportsIndirectInputEvents = YES;
				INFOPLIST_KEY_UILaunchStoryboardName = LaunchScreen;
				INFOPLIST_KEY_UIMainStoryboardFile = Main;
				INFOPLIST_KEY_UISupportedInterfaceOrientations_iPad = "UIInterfaceOrientationPortrait UIInterfaceOrientationPortraitUpsideDown UIInterfaceOrientationLandscapeLeft UIInterfaceOrientationLandscapeRight";
				INFOPLIST_KEY_UISupportedInterfaceOrientations_iPhone = "UIInterfaceOrientationPortrait UIInterfaceOrientationLandscapeLeft UIInterfaceOrientationLandscapeRight";
				LD_RUNPATH_SEARCH_PATHS = (
					"$(inherited)",
					"@executable_path/Frameworks",
				);
				MARKETING_VERSION = 1.0;
				PRODUCT_BUNDLE_IDENTIFIER = cs193p.StoryBoard;
				PRODUCT_NAME = "$(TARGET_NAME)";
				SWIFT_EMIT_LOC_STRINGS = YES;
				SWIFT_VERSION = 5.0;
				TARGETED_DEVICE_FAMILY = "1,2";
			};
			name = Release;
		};
		9A6F502227E0ED3900D8CB27 /* Debug */ = {
			isa = XCBuildConfiguration;
			buildSettings = {
				ALWAYS_EMBED_SWIFT_STANDARD_LIBRARIES = YES;
				BUNDLE_LOADER = "$(TEST_HOST)";
				CODE_SIGN_STYLE = Automatic;
				CURRENT_PROJECT_VERSION = 1;
				DEVELOPMENT_TEAM = 3WY7THCR97;
				GENERATE_INFOPLIST_FILE = YES;
				IPHONEOS_DEPLOYMENT_TARGET = 15.2;
				MARKETING_VERSION = 1.0;
				PRODUCT_BUNDLE_IDENTIFIER = cs193p.StoryBoardTests;
				PRODUCT_NAME = "$(TARGET_NAME)";
				SWIFT_EMIT_LOC_STRINGS = NO;
				SWIFT_VERSION = 5.0;
				TARGETED_DEVICE_FAMILY = "1,2";
				TEST_HOST = "$(BUILT_PRODUCTS_DIR)/StoryBoard.app/StoryBoard";
			};
			name = Debug;
		};
		9A6F502327E0ED3900D8CB27 /* Release */ = {
			isa = XCBuildConfiguration;
			buildSettings = {
				ALWAYS_EMBED_SWIFT_STANDARD_LIBRARIES = YES;
				BUNDLE_LOADER = "$(TEST_HOST)";
				CODE_SIGN_STYLE = Automatic;
				CURRENT_PROJECT_VERSION = 1;
				DEVELOPMENT_TEAM = 3WY7THCR97;
				GENERATE_INFOPLIST_FILE = YES;
				IPHONEOS_DEPLOYMENT_TARGET = 15.2;
				MARKETING_VERSION = 1.0;
				PRODUCT_BUNDLE_IDENTIFIER = cs193p.StoryBoardTests;
				PRODUCT_NAME = "$(TARGET_NAME)";
				SWIFT_EMIT_LOC_STRINGS = NO;
				SWIFT_VERSION = 5.0;
				TARGETED_DEVICE_FAMILY = "1,2";
				TEST_HOST = "$(BUILT_PRODUCTS_DIR)/StoryBoard.app/StoryBoard";
			};
			name = Release;
		};
		9A6F502527E0ED3900D8CB27 /* Debug */ = {
			isa = XCBuildConfiguration;
			buildSettings = {
				ALWAYS_EMBED_SWIFT_STANDARD_LIBRARIES = YES;
				CODE_SIGN_STYLE = Automatic;
				CURRENT_PROJECT_VERSION = 1;
				DEVELOPMENT_TEAM = 3WY7THCR97;
				GENERATE_INFOPLIST_FILE = YES;
				MARKETING_VERSION = 1.0;
				PRODUCT_BUNDLE_IDENTIFIER = cs193p.StoryBoardUITests;
				PRODUCT_NAME = "$(TARGET_NAME)";
				SWIFT_EMIT_LOC_STRINGS = NO;
				SWIFT_VERSION = 5.0;
				TARGETED_DEVICE_FAMILY = "1,2";
				TEST_TARGET_NAME = StoryBoard;
			};
			name = Debug;
		};
		9A6F502627E0ED3900D8CB27 /* Release */ = {
			isa = XCBuildConfiguration;
			buildSettings = {
				ALWAYS_EMBED_SWIFT_STANDARD_LIBRARIES = YES;
				CODE_SIGN_STYLE = Automatic;
				CURRENT_PROJECT_VERSION = 1;
				DEVELOPMENT_TEAM = 3WY7THCR97;
				GENERATE_INFOPLIST_FILE = YES;
				MARKETING_VERSION = 1.0;
				PRODUCT_BUNDLE_IDENTIFIER = cs193p.StoryBoardUITests;
				PRODUCT_NAME = "$(TARGET_NAME)";
				SWIFT_EMIT_LOC_STRINGS = NO;
				SWIFT_VERSION = 5.0;
				TARGETED_DEVICE_FAMILY = "1,2";
				TEST_TARGET_NAME = StoryBoard;
			};
			name = Release;
		};
/* End XCBuildConfiguration section */

/* Begin XCConfigurationList section */
		9A6F4FEF27E0ED3700D8CB27 /* Build configuration list for PBXProject "StoryBoard" */ = {
			isa = XCConfigurationList;
			buildConfigurations = (
				9A6F501C27E0ED3900D8CB27 /* Debug */,
				9A6F501D27E0ED3900D8CB27 /* Release */,
			);
			defaultConfigurationIsVisible = 0;
			defaultConfigurationName = Release;
		};
		9A6F501E27E0ED3900D8CB27 /* Build configuration list for PBXNativeTarget "StoryBoard" */ = {
			isa = XCConfigurationList;
			buildConfigurations = (
				9A6F501F27E0ED3900D8CB27 /* Debug */,
				9A6F502027E0ED3900D8CB27 /* Release */,
			);
			defaultConfigurationIsVisible = 0;
			defaultConfigurationName = Release;
		};
		9A6F502127E0ED3900D8CB27 /* Build configuration list for PBXNativeTarget "StoryBoardTests" */ = {
			isa = XCConfigurationList;
			buildConfigurations = (
				9A6F502227E0ED3900D8CB27 /* Debug */,
				9A6F502327E0ED3900D8CB27 /* Release */,
			);
			defaultConfigurationIsVisible = 0;
			defaultConfigurationName = Release;
		};
		9A6F502427E0ED3900D8CB27 /* Build configuration list for PBXNativeTarget "StoryBoardUITests" */ = {
			isa = XCConfigurationList;
			buildConfigurations = (
				9A6F502527E0ED3900D8CB27 /* Debug */,
				9A6F502627E0ED3900D8CB27 /* Release */,
			);
			defaultConfigurationIsVisible = 0;
			defaultConfigurationName = Release;
		};
/* End XCConfigurationList section */
	};
	rootObject = 9A6F4FEC27E0ED3700D8CB27 /* Project object */;
}
