// !$*UTF8*$!
{
	archiveVersion = 1;
	classes = {
	};
	objectVersion = 55;
	objects = {

/* Begin PBXBuildFile section */
		9ABBA8B627F720E7001B91F2 /* AppDelegate.swift in Sources */ = {isa = PBXBuildFile; fileRef = 9ABBA8B527F720E7001B91F2 /* AppDelegate.swift */; };
		9ABBA8B827F720E7001B91F2 /* SceneDelegate.swift in Sources */ = {isa = PBXBuildFile; fileRef = 9ABBA8B727F720E7001B91F2 /* SceneDelegate.swift */; };
		9ABBA8BA27F720E7001B91F2 /* ViewController.swift in Sources */ = {isa = PBXBuildFile; fileRef = 9ABBA8B927F720E7001B91F2 /* ViewController.swift */; };
		9ABBA8BF27F720EA001B91F2 /* Assets.xcassets in Resources */ = {isa = PBXBuildFile; fileRef = 9ABBA8BE27F720EA001B91F2 /* Assets.xcassets */; };
		9ABBA8C227F720EA001B91F2 /* LaunchScreen.storyboard in Resources */ = {isa = PBXBuildFile; fileRef = 9ABBA8C027F720EA001B91F2 /* LaunchScreen.storyboard */; };
		9ABBA8CD27F720EA001B91F2 /* telaAleatoriaTests.swift in Sources */ = {isa = PBXBuildFile; fileRef = 9ABBA8CC27F720EA001B91F2 /* telaAleatoriaTests.swift */; };
		9ABBA8D727F720EA001B91F2 /* telaAleatoriaUITests.swift in Sources */ = {isa = PBXBuildFile; fileRef = 9ABBA8D627F720EA001B91F2 /* telaAleatoriaUITests.swift */; };
		9ABBA8D927F720EA001B91F2 /* telaAleatoriaUITestsLaunchTests.swift in Sources */ = {isa = PBXBuildFile; fileRef = 9ABBA8D827F720EA001B91F2 /* telaAleatoriaUITestsLaunchTests.swift */; };
		9ABBA8E627F72FB4001B91F2 /* Storyboard.storyboard in Resources */ = {isa = PBXBuildFile; fileRef = 9ABBA8E527F72FB4001B91F2 /* Storyboard.storyboard */; };
		9ABBA8E827F72FF3001B91F2 /* vicontroler.swift in Sources */ = {isa = PBXBuildFile; fileRef = 9ABBA8E727F72FF3001B91F2 /* vicontroler.swift */; };
/* End PBXBuildFile section */

/* Begin PBXContainerItemProxy section */
		9ABBA8C927F720EA001B91F2 /* PBXContainerItemProxy */ = {
			isa = PBXContainerItemProxy;
			containerPortal = 9ABBA8AA27F720E7001B91F2 /* Project object */;
			proxyType = 1;
			remoteGlobalIDString = 9ABBA8B127F720E7001B91F2;
			remoteInfo = telaAleatoria;
		};
		9ABBA8D327F720EA001B91F2 /* PBXContainerItemProxy */ = {
			isa = PBXContainerItemProxy;
			containerPortal = 9ABBA8AA27F720E7001B91F2 /* Project object */;
			proxyType = 1;
			remoteGlobalIDString = 9ABBA8B127F720E7001B91F2;
			remoteInfo = telaAleatoria;
		};
/* End PBXContainerItemProxy section */

/* Begin PBXFileReference section */
		9ABBA8B227F720E7001B91F2 /* telaAleatoria.app */ = {isa = PBXFileReference; explicitFileType = wrapper.application; includeInIndex = 0; path = telaAleatoria.app; sourceTree = BUILT_PRODUCTS_DIR; };
		9ABBA8B527F720E7001B91F2 /* AppDelegate.swift */ = {isa = PBXFileReference; lastKnownFileType = sourcecode.swift; path = AppDelegate.swift; sourceTree = "<group>"; };
		9ABBA8B727F720E7001B91F2 /* SceneDelegate.swift */ = {isa = PBXFileReference; lastKnownFileType = sourcecode.swift; path = SceneDelegate.swift; sourceTree = "<group>"; };
		9ABBA8B927F720E7001B91F2 /* ViewController.swift */ = {isa = PBXFileReference; lastKnownFileType = sourcecode.swift; path = ViewController.swift; sourceTree = "<group>"; };
		9ABBA8BE27F720EA001B91F2 /* Assets.xcassets */ = {isa = PBXFileReference; lastKnownFileType = folder.assetcatalog; path = Assets.xcassets; sourceTree = "<group>"; };
		9ABBA8C127F720EA001B91F2 /* Base */ = {isa = PBXFileReference; lastKnownFileType = file.storyboard; name = Base; path = Base.lproj/LaunchScreen.storyboard; sourceTree = "<group>"; };
		9ABBA8C327F720EA001B91F2 /* Info.plist */ = {isa = PBXFileReference; lastKnownFileType = text.plist.xml; path = Info.plist; sourceTree = "<group>"; };
		9ABBA8C827F720EA001B91F2 /* telaAleatoriaTests.xctest */ = {isa = PBXFileReference; explicitFileType = wrapper.cfbundle; includeInIndex = 0; path = telaAleatoriaTests.xctest; sourceTree = BUILT_PRODUCTS_DIR; };
		9ABBA8CC27F720EA001B91F2 /* telaAleatoriaTests.swift */ = {isa = PBXFileReference; lastKnownFileType = sourcecode.swift; path = telaAleatoriaTests.swift; sourceTree = "<group>"; };
		9ABBA8D227F720EA001B91F2 /* telaAleatoriaUITests.xctest */ = {isa = PBXFileReference; explicitFileType = wrapper.cfbundle; includeInIndex = 0; path = telaAleatoriaUITests.xctest; sourceTree = BUILT_PRODUCTS_DIR; };
		9ABBA8D627F720EA001B91F2 /* telaAleatoriaUITests.swift */ = {isa = PBXFileReference; lastKnownFileType = sourcecode.swift; path = telaAleatoriaUITests.swift; sourceTree = "<group>"; };
		9ABBA8D827F720EA001B91F2 /* telaAleatoriaUITestsLaunchTests.swift */ = {isa = PBXFileReference; lastKnownFileType = sourcecode.swift; path = telaAleatoriaUITestsLaunchTests.swift; sourceTree = "<group>"; };
		9ABBA8E527F72FB4001B91F2 /* Storyboard.storyboard */ = {isa = PBXFileReference; lastKnownFileType = file.storyboard; path = Storyboard.storyboard; sourceTree = "<group>"; };
		9ABBA8E727F72FF3001B91F2 /* vicontroler.swift */ = {isa = PBXFileReference; lastKnownFileType = sourcecode.swift; path = vicontroler.swift; sourceTree = "<group>"; };
/* End PBXFileReference section */

/* Begin PBXFrameworksBuildPhase section */
		9ABBA8AF27F720E7001B91F2 /* Frameworks */ = {
			isa = PBXFrameworksBuildPhase;
			buildActionMask = 2147483647;
			files = (
			);
			runOnlyForDeploymentPostprocessing = 0;
		};
		9ABBA8C527F720EA001B91F2 /* Frameworks */ = {
			isa = PBXFrameworksBuildPhase;
			buildActionMask = 2147483647;
			files = (
			);
			runOnlyForDeploymentPostprocessing = 0;
		};
		9ABBA8CF27F720EA001B91F2 /* Frameworks */ = {
			isa = PBXFrameworksBuildPhase;
			buildActionMask = 2147483647;
			files = (
			);
			runOnlyForDeploymentPostprocessing = 0;
		};
/* End PBXFrameworksBuildPhase section */

/* Begin PBXGroup section */
		9ABBA8A927F720E7001B91F2 = {
			isa = PBXGroup;
			children = (
				9ABBA8B427F720E7001B91F2 /* telaAleatoria */,
				9ABBA8CB27F720EA001B91F2 /* telaAleatoriaTests */,
				9ABBA8D527F720EA001B91F2 /* telaAleatoriaUITests */,
				9ABBA8B327F720E7001B91F2 /* Products */,
			);
			sourceTree = "<group>";
		};
		9ABBA8B327F720E7001B91F2 /* Products */ = {
			isa = PBXGroup;
			children = (
				9ABBA8B227F720E7001B91F2 /* telaAleatoria.app */,
				9ABBA8C827F720EA001B91F2 /* telaAleatoriaTests.xctest */,
				9ABBA8D227F720EA001B91F2 /* telaAleatoriaUITests.xctest */,
			);
			name = Products;
			sourceTree = "<group>";
		};
		9ABBA8B427F720E7001B91F2 /* telaAleatoria */ = {
			isa = PBXGroup;
			children = (
				9ABBA8B527F720E7001B91F2 /* AppDelegate.swift */,
				9ABBA8B727F720E7001B91F2 /* SceneDelegate.swift */,
				9ABBA8B927F720E7001B91F2 /* ViewController.swift */,
				9ABBA8BE27F720EA001B91F2 /* Assets.xcassets */,
				9ABBA8C027F720EA001B91F2 /* LaunchScreen.storyboard */,
				9ABBA8C327F720EA001B91F2 /* Info.plist */,
				9ABBA8E527F72FB4001B91F2 /* Storyboard.storyboard */,
				9ABBA8E727F72FF3001B91F2 /* vicontroler.swift */,
			);
			path = telaAleatoria;
			sourceTree = "<group>";
		};
		9ABBA8CB27F720EA001B91F2 /* telaAleatoriaTests */ = {
			isa = PBXGroup;
			children = (
				9ABBA8CC27F720EA001B91F2 /* telaAleatoriaTests.swift */,
			);
			path = telaAleatoriaTests;
			sourceTree = "<group>";
		};
		9ABBA8D527F720EA001B91F2 /* telaAleatoriaUITests */ = {
			isa = PBXGroup;
			children = (
				9ABBA8D627F720EA001B91F2 /* telaAleatoriaUITests.swift */,
				9ABBA8D827F720EA001B91F2 /* telaAleatoriaUITestsLaunchTests.swift */,
			);
			path = telaAleatoriaUITests;
			sourceTree = "<group>";
		};
/* End PBXGroup section */

/* Begin PBXNativeTarget section */
		9ABBA8B127F720E7001B91F2 /* telaAleatoria */ = {
			isa = PBXNativeTarget;
			buildConfigurationList = 9ABBA8DC27F720EA001B91F2 /* Build configuration list for PBXNativeTarget "telaAleatoria" */;
			buildPhases = (
				9ABBA8AE27F720E7001B91F2 /* Sources */,
				9ABBA8AF27F720E7001B91F2 /* Frameworks */,
				9ABBA8B027F720E7001B91F2 /* Resources */,
			);
			buildRules = (
			);
			dependencies = (
			);
			name = telaAleatoria;
			productName = telaAleatoria;
			productReference = 9ABBA8B227F720E7001B91F2 /* telaAleatoria.app */;
			productType = "com.apple.product-type.application";
		};
		9ABBA8C727F720EA001B91F2 /* telaAleatoriaTests */ = {
			isa = PBXNativeTarget;
			buildConfigurationList = 9ABBA8DF27F720EA001B91F2 /* Build configuration list for PBXNativeTarget "telaAleatoriaTests" */;
			buildPhases = (
				9ABBA8C427F720EA001B91F2 /* Sources */,
				9ABBA8C527F720EA001B91F2 /* Frameworks */,
				9ABBA8C627F720EA001B91F2 /* Resources */,
			);
			buildRules = (
			);
			dependencies = (
				9ABBA8CA27F720EA001B91F2 /* PBXTargetDependency */,
			);
			name = telaAleatoriaTests;
			productName = telaAleatoriaTests;
			productReference = 9ABBA8C827F720EA001B91F2 /* telaAleatoriaTests.xctest */;
			productType = "com.apple.product-type.bundle.unit-test";
		};
		9ABBA8D127F720EA001B91F2 /* telaAleatoriaUITests */ = {
			isa = PBXNativeTarget;
			buildConfigurationList = 9ABBA8E227F720EA001B91F2 /* Build configuration list for PBXNativeTarget "telaAleatoriaUITests" */;
			buildPhases = (
				9ABBA8CE27F720EA001B91F2 /* Sources */,
				9ABBA8CF27F720EA001B91F2 /* Frameworks */,
				9ABBA8D027F720EA001B91F2 /* Resources */,
			);
			buildRules = (
			);
			dependencies = (
				9ABBA8D427F720EA001B91F2 /* PBXTargetDependency */,
			);
			name = telaAleatoriaUITests;
			productName = telaAleatoriaUITests;
			productReference = 9ABBA8D227F720EA001B91F2 /* telaAleatoriaUITests.xctest */;
			productType = "com.apple.product-type.bundle.ui-testing";
		};
/* End PBXNativeTarget section */

/* Begin PBXProject section */
		9ABBA8AA27F720E7001B91F2 /* Project object */ = {
			isa = PBXProject;
			attributes = {
				BuildIndependentTargetsInParallel = 1;
				LastSwiftUpdateCheck = 1320;
				LastUpgradeCheck = 1320;
				TargetAttributes = {
					9ABBA8B127F720E7001B91F2 = {
						CreatedOnToolsVersion = 13.2.1;
					};
					9ABBA8C727F720EA001B91F2 = {
						CreatedOnToolsVersion = 13.2.1;
						TestTargetID = 9ABBA8B127F720E7001B91F2;
					};
					9ABBA8D127F720EA001B91F2 = {
						CreatedOnToolsVersion = 13.2.1;
						TestTargetID = 9ABBA8B127F720E7001B91F2;
					};
				};
			};
			buildConfigurationList = 9ABBA8AD27F720E7001B91F2 /* Build configuration list for PBXProject "telaAleatoria" */;
			compatibilityVersion = "Xcode 13.0";
			developmentRegion = en;
			hasScannedForEncodings = 0;
			knownRegions = (
				en,
				Base,
			);
			mainGroup = 9ABBA8A927F720E7001B91F2;
			productRefGroup = 9ABBA8B327F720E7001B91F2 /* Products */;
			projectDirPath = "";
			projectRoot = "";
			targets = (
				9ABBA8B127F720E7001B91F2 /* telaAleatoria */,
				9ABBA8C727F720EA001B91F2 /* telaAleatoriaTests */,
				9ABBA8D127F720EA001B91F2 /* telaAleatoriaUITests */,
			);
		};
/* End PBXProject section */

/* Begin PBXResourcesBuildPhase section */
		9ABBA8B027F720E7001B91F2 /* Resources */ = {
			isa = PBXResourcesBuildPhase;
			buildActionMask = 2147483647;
			files = (
				9ABBA8C227F720EA001B91F2 /* LaunchScreen.storyboard in Resources */,
				9ABBA8E627F72FB4001B91F2 /* Storyboard.storyboard in Resources */,
				9ABBA8BF27F720EA001B91F2 /* Assets.xcassets in Resources */,
			);
			runOnlyForDeploymentPostprocessing = 0;
		};
		9ABBA8C627F720EA001B91F2 /* Resources */ = {
			isa = PBXResourcesBuildPhase;
			buildActionMask = 2147483647;
			files = (
			);
			runOnlyForDeploymentPostprocessing = 0;
		};
		9ABBA8D027F720EA001B91F2 /* Resources */ = {
			isa = PBXResourcesBuildPhase;
			buildActionMask = 2147483647;
			files = (
			);
			runOnlyForDeploymentPostprocessing = 0;
		};
/* End PBXResourcesBuildPhase section */

/* Begin PBXSourcesBuildPhase section */
		9ABBA8AE27F720E7001B91F2 /* Sources */ = {
			isa = PBXSourcesBuildPhase;
			buildActionMask = 2147483647;
			files = (
				9ABBA8BA27F720E7001B91F2 /* ViewController.swift in Sources */,
				9ABBA8B627F720E7001B91F2 /* AppDelegate.swift in Sources */,
				9ABBA8B827F720E7001B91F2 /* SceneDelegate.swift in Sources */,
				9ABBA8E827F72FF3001B91F2 /* vicontroler.swift in Sources */,
			);
			runOnlyForDeploymentPostprocessing = 0;
		};
		9ABBA8C427F720EA001B91F2 /* Sources */ = {
			isa = PBXSourcesBuildPhase;
			buildActionMask = 2147483647;
			files = (
				9ABBA8CD27F720EA001B91F2 /* telaAleatoriaTests.swift in Sources */,
			);
			runOnlyForDeploymentPostprocessing = 0;
		};
		9ABBA8CE27F720EA001B91F2 /* Sources */ = {
			isa = PBXSourcesBuildPhase;
			buildActionMask = 2147483647;
			files = (
				9ABBA8D727F720EA001B91F2 /* telaAleatoriaUITests.swift in Sources */,
				9ABBA8D927F720EA001B91F2 /* telaAleatoriaUITestsLaunchTests.swift in Sources */,
			);
			runOnlyForDeploymentPostprocessing = 0;
		};
/* End PBXSourcesBuildPhase section */

/* Begin PBXTargetDependency section */
		9ABBA8CA27F720EA001B91F2 /* PBXTargetDependency */ = {
			isa = PBXTargetDependency;
			target = 9ABBA8B127F720E7001B91F2 /* telaAleatoria */;
			targetProxy = 9ABBA8C927F720EA001B91F2 /* PBXContainerItemProxy */;
		};
		9ABBA8D427F720EA001B91F2 /* PBXTargetDependency */ = {
			isa = PBXTargetDependency;
			target = 9ABBA8B127F720E7001B91F2 /* telaAleatoria */;
			targetProxy = 9ABBA8D327F720EA001B91F2 /* PBXContainerItemProxy */;
		};
/* End PBXTargetDependency section */

/* Begin PBXVariantGroup section */
		9ABBA8C027F720EA001B91F2 /* LaunchScreen.storyboard */ = {
			isa = PBXVariantGroup;
			children = (
				9ABBA8C127F720EA001B91F2 /* Base */,
			);
			name = LaunchScreen.storyboard;
			sourceTree = "<group>";
		};
/* End PBXVariantGroup section */

/* Begin XCBuildConfiguration section */
		9ABBA8DA27F720EA001B91F2 /* Debug */ = {
			isa = XCBuildConfiguration;
			buildSettings = {
				ALWAYS_SEARCH_USER_PATHS = NO;
				CLANG_ANALYZER_NONNULL = YES;
				CLANG_ANALYZER_NUMBER_OBJECT_CONVERSION = YES_AGGRESSIVE;
				CLANG_CXX_LANGUAGE_STANDARD = "gnu++17";
				CLANG_CXX_LIBRARY = "libc++";
				CLANG_ENABLE_MODULES = YES;
				CLANG_ENABLE_OBJC_ARC = YES;
				CLANG_ENABLE_OBJC_WEAK = YES;
				CLANG_WARN_BLOCK_CAPTURE_AUTORELEASING = YES;
				CLANG_WARN_BOOL_CONVERSION = YES;
				CLANG_WARN_COMMA = YES;
				CLANG_WARN_CONSTANT_CONVERSION = YES;
				CLANG_WARN_DEPRECATED_OBJC_IMPLEMENTATIONS = YES;
				CLANG_WARN_DIRECT_OBJC_ISA_USAGE = YES_ERROR;
				CLANG_WARN_DOCUMENTATION_COMMENTS = YES;
				CLANG_WARN_EMPTY_BODY = YES;
				CLANG_WARN_ENUM_CONVERSION = YES;
				CLANG_WARN_INFINITE_RECURSION = YES;
				CLANG_WARN_INT_CONVERSION = YES;
				CLANG_WARN_NON_LITERAL_NULL_CONVERSION = YES;
				CLANG_WARN_OBJC_IMPLICIT_RETAIN_SELF = YES;
				CLANG_WARN_OBJC_LITERAL_CONVERSION = YES;
				CLANG_WARN_OBJC_ROOT_CLASS = YES_ERROR;
				CLANG_WARN_QUOTED_INCLUDE_IN_FRAMEWORK_HEADER = YES;
				CLANG_WARN_RANGE_LOOP_ANALYSIS = YES;
				CLANG_WARN_STRICT_PROTOTYPES = YES;
				CLANG_WARN_SUSPICIOUS_MOVE = YES;
				CLANG_WARN_UNGUARDED_AVAILABILITY = YES_AGGRESSIVE;
				CLANG_WARN_UNREACHABLE_CODE = YES;
				CLANG_WARN__DUPLICATE_METHOD_MATCH = YES;
				COPY_PHASE_STRIP = NO;
				DEBUG_INFORMATION_FORMAT = dwarf;
				ENABLE_STRICT_OBJC_MSGSEND = YES;
				ENABLE_TESTABILITY = YES;
				GCC_C_LANGUAGE_STANDARD = gnu11;
				GCC_DYNAMIC_NO_PIC = NO;
				GCC_NO_COMMON_BLOCKS = YES;
				GCC_OPTIMIZATION_LEVEL = 0;
				GCC_PREPROCESSOR_DEFINITIONS = (
					"DEBUG=1",
					"$(inherited)",
				);
				GCC_WARN_64_TO_32_BIT_CONVERSION = YES;
				GCC_WARN_ABOUT_RETURN_TYPE = YES_ERROR;
				GCC_WARN_UNDECLARED_SELECTOR = YES;
				GCC_WARN_UNINITIALIZED_AUTOS = YES_AGGRESSIVE;
				GCC_WARN_UNUSED_FUNCTION = YES;
				GCC_WARN_UNUSED_VARIABLE = YES;
				IPHONEOS_DEPLOYMENT_TARGET = 15.2;
				MTL_ENABLE_DEBUG_INFO = INCLUDE_SOURCE;
				MTL_FAST_MATH = YES;
				ONLY_ACTIVE_ARCH = YES;
				SDKROOT = iphoneos;
				SWIFT_ACTIVE_COMPILATION_CONDITIONS = DEBUG;
				SWIFT_OPTIMIZATION_LEVEL = "-Onone";
			};
			name = Debug;
		};
		9ABBA8DB27F720EA001B91F2 /* Release */ = {
			isa = XCBuildConfiguration;
			buildSettings = {
				ALWAYS_SEARCH_USER_PATHS = NO;
				CLANG_ANALYZER_NONNULL = YES;
				CLANG_ANALYZER_NUMBER_OBJECT_CONVERSION = YES_AGGRESSIVE;
				CLANG_CXX_LANGUAGE_STANDARD = "gnu++17";
				CLANG_CXX_LIBRARY = "libc++";
				CLANG_ENABLE_MODULES = YES;
				CLANG_ENABLE_OBJC_ARC = YES;
				CLANG_ENABLE_OBJC_WEAK = YES;
				CLANG_WARN_BLOCK_CAPTURE_AUTORELEASING = YES;
				CLANG_WARN_BOOL_CONVERSION = YES;
				CLANG_WARN_COMMA = YES;
				CLANG_WARN_CONSTANT_CONVERSION = YES;
				CLANG_WARN_DEPRECATED_OBJC_IMPLEMENTATIONS = YES;
				CLANG_WARN_DIRECT_OBJC_ISA_USAGE = YES_ERROR;
				CLANG_WARN_DOCUMENTATION_COMMENTS = YES;
				CLANG_WARN_EMPTY_BODY = YES;
				CLANG_WARN_ENUM_CONVERSION = YES;
				CLANG_WARN_INFINITE_RECURSION = YES;
				CLANG_WARN_INT_CONVERSION = YES;
				CLANG_WARN_NON_LITERAL_NULL_CONVERSION = YES;
				CLANG_WARN_OBJC_IMPLICIT_RETAIN_SELF = YES;
				CLANG_WARN_OBJC_LITERAL_CONVERSION = YES;
				CLANG_WARN_OBJC_ROOT_CLASS = YES_ERROR;
				CLANG_WARN_QUOTED_INCLUDE_IN_FRAMEWORK_HEADER = YES;
				CLANG_WARN_RANGE_LOOP_ANALYSIS = YES;
				CLANG_WARN_STRICT_PROTOTYPES = YES;
				CLANG_WARN_SUSPICIOUS_MOVE = YES;
				CLANG_WARN_UNGUARDED_AVAILABILITY = YES_AGGRESSIVE;
				CLANG_WARN_UNREACHABLE_CODE = YES;
				CLANG_WARN__DUPLICATE_METHOD_MATCH = YES;
				COPY_PHASE_STRIP = NO;
				DEBUG_INFORMATION_FORMAT = "dwarf-with-dsym";
				ENABLE_NS_ASSERTIONS = NO;
				ENABLE_STRICT_OBJC_MSGSEND = YES;
				GCC_C_LANGUAGE_STANDARD = gnu11;
				GCC_NO_COMMON_BLOCKS = YES;
				GCC_WARN_64_TO_32_BIT_CONVERSION = YES;
				GCC_WARN_ABOUT_RETURN_TYPE = YES_ERROR;
				GCC_WARN_UNDECLARED_SELECTOR = YES;
				GCC_WARN_UNINITIALIZED_AUTOS = YES_AGGRESSIVE;
				GCC_WARN_UNUSED_FUNCTION = YES;
				GCC_WARN_UNUSED_VARIABLE = YES;
				IPHONEOS_DEPLOYMENT_TARGET = 15.2;
				MTL_ENABLE_DEBUG_INFO = NO;
				MTL_FAST_MATH = YES;
				SDKROOT = iphoneos;
				SWIFT_COMPILATION_MODE = wholemodule;
				SWIFT_OPTIMIZATION_LEVEL = "-O";
				VALIDATE_PRODUCT = YES;
			};
			name = Release;
		};
		9ABBA8DD27F720EA001B91F2 /* Debug */ = {
			isa = XCBuildConfiguration;
			buildSettings = {
				ASSETCATALOG_COMPILER_APPICON_NAME = AppIcon;
				ASSETCATALOG_COMPILER_GLOBAL_ACCENT_COLOR_NAME = AccentColor;
				CODE_SIGN_STYLE = Automatic;
				CURRENT_PROJECT_VERSION = 1;
				DEVELOPMENT_TEAM = 3WY7THCR97;
				GENERATE_INFOPLIST_FILE = YES;
				INFOPLIST_FILE = telaAleatoria/Info.plist;
				INFOPLIST_KEY_UIApplicationSupportsIndirectInputEvents = YES;
				INFOPLIST_KEY_UILaunchStoryboardName = LaunchScreen;
				INFOPLIST_KEY_UIMainStoryboardFile = Storyboard;
				INFOPLIST_KEY_UISupportedInterfaceOrientations_iPad = "UIInterfaceOrientationPortrait UIInterfaceOrientationPortraitUpsideDown UIInterfaceOrientationLandscapeLeft UIInterfaceOrientationLandscapeRight";
				INFOPLIST_KEY_UISupportedInterfaceOrientations_iPhone = "UIInterfaceOrientationPortrait UIInterfaceOrientationLandscapeLeft UIInterfaceOrientationLandscapeRight";
				LD_RUNPATH_SEARCH_PATHS = (
					"$(inherited)",
					"@executable_path/Frameworks",
				);
				MARKETING_VERSION = 1.0;
				PRODUCT_BUNDLE_IDENTIFIER = cs193p.telaAleatoria;
				PRODUCT_NAME = "$(TARGET_NAME)";
				SWIFT_EMIT_LOC_STRINGS = YES;
				SWIFT_VERSION = 5.0;
				TARGETED_DEVICE_FAMILY = "1,2";
			};
			name = Debug;
		};
		9ABBA8DE27F720EA001B91F2 /* Release */ = {
			isa = XCBuildConfiguration;
			buildSettings = {
				ASSETCATALOG_COMPILER_APPICON_NAME = AppIcon;
				ASSETCATALOG_COMPILER_GLOBAL_ACCENT_COLOR_NAME = AccentColor;
				CODE_SIGN_STYLE = Automatic;
				CURRENT_PROJECT_VERSION = 1;
				DEVELOPMENT_TEAM = 3WY7THCR97;
				GENERATE_INFOPLIST_FILE = YES;
				INFOPLIST_FILE = telaAleatoria/Info.plist;
				INFOPLIST_KEY_UIApplicationSupportsIndirectInputEvents = YES;
				INFOPLIST_KEY_UILaunchStoryboardName = LaunchScreen;
				INFOPLIST_KEY_UIMainStoryboardFile = Storyboard;
				INFOPLIST_KEY_UISupportedInterfaceOrientations_iPad = "UIInterfaceOrientationPortrait UIInterfaceOrientationPortraitUpsideDown UIInterfaceOrientationLandscapeLeft UIInterfaceOrientationLandscapeRight";
				INFOPLIST_KEY_UISupportedInterfaceOrientations_iPhone = "UIInterfaceOrientationPortrait UIInterfaceOrientationLandscapeLeft UIInterfaceOrientationLandscapeRight";
				LD_RUNPATH_SEARCH_PATHS = (
					"$(inherited)",
					"@executable_path/Frameworks",
				);
				MARKETING_VERSION = 1.0;
				PRODUCT_BUNDLE_IDENTIFIER = cs193p.telaAleatoria;
				PRODUCT_NAME = "$(TARGET_NAME)";
				SWIFT_EMIT_LOC_STRINGS = YES;
				SWIFT_VERSION = 5.0;
				TARGETED_DEVICE_FAMILY = "1,2";
			};
			name = Release;
		};
		9ABBA8E027F720EA001B91F2 /* Debug */ = {
			isa = XCBuildConfiguration;
			buildSettings = {
				ALWAYS_EMBED_SWIFT_STANDARD_LIBRARIES = YES;
				BUNDLE_LOADER = "$(TEST_HOST)";
				CODE_SIGN_STYLE = Automatic;
				CURRENT_PROJECT_VERSION = 1;
				DEVELOPMENT_TEAM = 3WY7THCR97;
				GENERATE_INFOPLIST_FILE = YES;
				IPHONEOS_DEPLOYMENT_TARGET = 15.2;
				MARKETING_VERSION = 1.0;
				PRODUCT_BUNDLE_IDENTIFIER = cs193p.telaAleatoriaTests;
				PRODUCT_NAME = "$(TARGET_NAME)";
				SWIFT_EMIT_LOC_STRINGS = NO;
				SWIFT_VERSION = 5.0;
				TARGETED_DEVICE_FAMILY = "1,2";
				TEST_HOST = "$(BUILT_PRODUCTS_DIR)/telaAleatoria.app/telaAleatoria";
			};
			name = Debug;
		};
		9ABBA8E127F720EA001B91F2 /* Release */ = {
			isa = XCBuildConfiguration;
			buildSettings = {
				ALWAYS_EMBED_SWIFT_STANDARD_LIBRARIES = YES;
				BUNDLE_LOADER = "$(TEST_HOST)";
				CODE_SIGN_STYLE = Automatic;
				CURRENT_PROJECT_VERSION = 1;
				DEVELOPMENT_TEAM = 3WY7THCR97;
				GENERATE_INFOPLIST_FILE = YES;
				IPHONEOS_DEPLOYMENT_TARGET = 15.2;
				MARKETING_VERSION = 1.0;
				PRODUCT_BUNDLE_IDENTIFIER = cs193p.telaAleatoriaTests;
				PRODUCT_NAME = "$(TARGET_NAME)";
				SWIFT_EMIT_LOC_STRINGS = NO;
				SWIFT_VERSION = 5.0;
				TARGETED_DEVICE_FAMILY = "1,2";
				TEST_HOST = "$(BUILT_PRODUCTS_DIR)/telaAleatoria.app/telaAleatoria";
			};
			name = Release;
		};
		9ABBA8E327F720EA001B91F2 /* Debug */ = {
			isa = XCBuildConfiguration;
			buildSettings = {
				ALWAYS_EMBED_SWIFT_STANDARD_LIBRARIES = YES;
				CODE_SIGN_STYLE = Automatic;
				CURRENT_PROJECT_VERSION = 1;
				DEVELOPMENT_TEAM = 3WY7THCR97;
				GENERATE_INFOPLIST_FILE = YES;
				MARKETING_VERSION = 1.0;
				PRODUCT_BUNDLE_IDENTIFIER = cs193p.telaAleatoriaUITests;
				PRODUCT_NAME = "$(TARGET_NAME)";
				SWIFT_EMIT_LOC_STRINGS = NO;
				SWIFT_VERSION = 5.0;
				TARGETED_DEVICE_FAMILY = "1,2";
				TEST_TARGET_NAME = telaAleatoria;
			};
			name = Debug;
		};
		9ABBA8E427F720EA001B91F2 /* Release */ = {
			isa = XCBuildConfiguration;
			buildSettings = {
				ALWAYS_EMBED_SWIFT_STANDARD_LIBRARIES = YES;
				CODE_SIGN_STYLE = Automatic;
				CURRENT_PROJECT_VERSION = 1;
				DEVELOPMENT_TEAM = 3WY7THCR97;
				GENERATE_INFOPLIST_FILE = YES;
				MARKETING_VERSION = 1.0;
				PRODUCT_BUNDLE_IDENTIFIER = cs193p.telaAleatoriaUITests;
				PRODUCT_NAME = "$(TARGET_NAME)";
				SWIFT_EMIT_LOC_STRINGS = NO;
				SWIFT_VERSION = 5.0;
				TARGETED_DEVICE_FAMILY = "1,2";
				TEST_TARGET_NAME = telaAleatoria;
			};
			name = Release;
		};
/* End XCBuildConfiguration section */

/* Begin XCConfigurationList section */
		9ABBA8AD27F720E7001B91F2 /* Build configuration list for PBXProject "telaAleatoria" */ = {
			isa = XCConfigurationList;
			buildConfigurations = (
				9ABBA8DA27F720EA001B91F2 /* Debug */,
				9ABBA8DB27F720EA001B91F2 /* Release */,
			);
			defaultConfigurationIsVisible = 0;
			defaultConfigurationName = Release;
		};
		9ABBA8DC27F720EA001B91F2 /* Build configuration list for PBXNativeTarget "telaAleatoria" */ = {
			isa = XCConfigurationList;
			buildConfigurations = (
				9ABBA8DD27F720EA001B91F2 /* Debug */,
				9ABBA8DE27F720EA001B91F2 /* Release */,
			);
			defaultConfigurationIsVisible = 0;
			defaultConfigurationName = Release;
		};
		9ABBA8DF27F720EA001B91F2 /* Build configuration list for PBXNativeTarget "telaAleatoriaTests" */ = {
			isa = XCConfigurationList;
			buildConfigurations = (
				9ABBA8E027F720EA001B91F2 /* Debug */,
				9ABBA8E127F720EA001B91F2 /* Release */,
			);
			defaultConfigurationIsVisible = 0;
			defaultConfigurationName = Release;
		};
		9ABBA8E227F720EA001B91F2 /* Build configuration list for PBXNativeTarget "telaAleatoriaUITests" */ = {
			isa = XCConfigurationList;
			buildConfigurations = (
				9ABBA8E327F720EA001B91F2 /* Debug */,
				9ABBA8E427F720EA001B91F2 /* Release */,
			);
			defaultConfigurationIsVisible = 0;
			defaultConfigurationName = Release;
		};
/* End XCConfigurationList section */
	};
	rootObject = 9ABBA8AA27F720E7001B91F2 /* Project object */;
}
