// !$*UTF8*$!
{
	archiveVersion = 1;
	classes = {
	};
	objectVersion = 55;
	objects = {

/* Begin PBXBuildFile section */
		9A90E3B627F4DBC5004F1949 /* AppDelegate.swift in Sources */ = {isa = PBXBuildFile; fileRef = 9A90E3B527F4DBC5004F1949 /* AppDelegate.swift */; };
		9A90E3B827F4DBC5004F1949 /* SceneDelegate.swift in Sources */ = {isa = PBXBuildFile; fileRef = 9A90E3B727F4DBC5004F1949 /* SceneDelegate.swift */; };
		9A90E3BA27F4DBC5004F1949 /* ViewController.swift in Sources */ = {isa = PBXBuildFile; fileRef = 9A90E3B927F4DBC5004F1949 /* ViewController.swift */; };
		9A90E3BD27F4DBC5004F1949 /* Main.storyboard in Resources */ = {isa = PBXBuildFile; fileRef = 9A90E3BB27F4DBC5004F1949 /* Main.storyboard */; };
		9A90E3BF27F4DBC8004F1949 /* Assets.xcassets in Resources */ = {isa = PBXBuildFile; fileRef = 9A90E3BE27F4DBC8004F1949 /* Assets.xcassets */; };
		9A90E3C227F4DBC8004F1949 /* LaunchScreen.storyboard in Resources */ = {isa = PBXBuildFile; fileRef = 9A90E3C027F4DBC8004F1949 /* LaunchScreen.storyboard */; };
		9A90E3CD27F4DBC8004F1949 /* ProjetoFigmaTests.swift in Sources */ = {isa = PBXBuildFile; fileRef = 9A90E3CC27F4DBC8004F1949 /* ProjetoFigmaTests.swift */; };
		9A90E3D727F4DBC8004F1949 /* ProjetoFigmaUITests.swift in Sources */ = {isa = PBXBuildFile; fileRef = 9A90E3D627F4DBC8004F1949 /* ProjetoFigmaUITests.swift */; };
		9A90E3D927F4DBC8004F1949 /* ProjetoFigmaUITestsLaunchTests.swift in Sources */ = {isa = PBXBuildFile; fileRef = 9A90E3D827F4DBC8004F1949 /* ProjetoFigmaUITestsLaunchTests.swift */; };
/* End PBXBuildFile section */

/* Begin PBXContainerItemProxy section */
		9A90E3C927F4DBC8004F1949 /* PBXContainerItemProxy */ = {
			isa = PBXContainerItemProxy;
			containerPortal = 9A90E3AA27F4DBC5004F1949 /* Project object */;
			proxyType = 1;
			remoteGlobalIDString = 9A90E3B127F4DBC5004F1949;
			remoteInfo = ProjetoFigma;
		};
		9A90E3D327F4DBC8004F1949 /* PBXContainerItemProxy */ = {
			isa = PBXContainerItemProxy;
			containerPortal = 9A90E3AA27F4DBC5004F1949 /* Project object */;
			proxyType = 1;
			remoteGlobalIDString = 9A90E3B127F4DBC5004F1949;
			remoteInfo = ProjetoFigma;
		};
/* End PBXContainerItemProxy section */

/* Begin PBXFileReference section */
		9A90E3B227F4DBC5004F1949 /* ProjetoFigma.app */ = {isa = PBXFileReference; explicitFileType = wrapper.application; includeInIndex = 0; path = ProjetoFigma.app; sourceTree = BUILT_PRODUCTS_DIR; };
		9A90E3B527F4DBC5004F1949 /* AppDelegate.swift */ = {isa = PBXFileReference; lastKnownFileType = sourcecode.swift; path = AppDelegate.swift; sourceTree = "<group>"; };
		9A90E3B727F4DBC5004F1949 /* SceneDelegate.swift */ = {isa = PBXFileReference; lastKnownFileType = sourcecode.swift; path = SceneDelegate.swift; sourceTree = "<group>"; };
		9A90E3B927F4DBC5004F1949 /* ViewController.swift */ = {isa = PBXFileReference; lastKnownFileType = sourcecode.swift; path = ViewController.swift; sourceTree = "<group>"; };
		9A90E3BC27F4DBC5004F1949 /* Base */ = {isa = PBXFileReference; lastKnownFileType = file.storyboard; name = Base; path = Base.lproj/Main.storyboard; sourceTree = "<group>"; };
		9A90E3BE27F4DBC8004F1949 /* Assets.xcassets */ = {isa = PBXFileReference; lastKnownFileType = folder.assetcatalog; path = Assets.xcassets; sourceTree = "<group>"; };
		9A90E3C127F4DBC8004F1949 /* Base */ = {isa = PBXFileReference; lastKnownFileType = file.storyboard; name = Base; path = Base.lproj/LaunchScreen.storyboard; sourceTree = "<group>"; };
		9A90E3C327F4DBC8004F1949 /* Info.plist */ = {isa = PBXFileReference; lastKnownFileType = text.plist.xml; path = Info.plist; sourceTree = "<group>"; };
		9A90E3C827F4DBC8004F1949 /* ProjetoFigmaTests.xctest */ = {isa = PBXFileReference; explicitFileType = wrapper.cfbundle; includeInIndex = 0; path = ProjetoFigmaTests.xctest; sourceTree = BUILT_PRODUCTS_DIR; };
		9A90E3CC27F4DBC8004F1949 /* ProjetoFigmaTests.swift */ = {isa = PBXFileReference; lastKnownFileType = sourcecode.swift; path = ProjetoFigmaTests.swift; sourceTree = "<group>"; };
		9A90E3D227F4DBC8004F1949 /* ProjetoFigmaUITests.xctest */ = {isa = PBXFileReference; explicitFileType = wrapper.cfbundle; includeInIndex = 0; path = ProjetoFigmaUITests.xctest; sourceTree = BUILT_PRODUCTS_DIR; };
		9A90E3D627F4DBC8004F1949 /* ProjetoFigmaUITests.swift */ = {isa = PBXFileReference; lastKnownFileType = sourcecode.swift; path = ProjetoFigmaUITests.swift; sourceTree = "<group>"; };
		9A90E3D827F4DBC8004F1949 /* ProjetoFigmaUITestsLaunchTests.swift */ = {isa = PBXFileReference; lastKnownFileType = sourcecode.swift; path = ProjetoFigmaUITestsLaunchTests.swift; sourceTree = "<group>"; };
/* End PBXFileReference section */

/* Begin PBXFrameworksBuildPhase section */
		9A90E3AF27F4DBC5004F1949 /* Frameworks */ = {
			isa = PBXFrameworksBuildPhase;
			buildActionMask = 2147483647;
			files = (
			);
			runOnlyForDeploymentPostprocessing = 0;
		};
		9A90E3C527F4DBC8004F1949 /* Frameworks */ = {
			isa = PBXFrameworksBuildPhase;
			buildActionMask = 2147483647;
			files = (
			);
			runOnlyForDeploymentPostprocessing = 0;
		};
		9A90E3CF27F4DBC8004F1949 /* Frameworks */ = {
			isa = PBXFrameworksBuildPhase;
			buildActionMask = 2147483647;
			files = (
			);
			runOnlyForDeploymentPostprocessing = 0;
		};
/* End PBXFrameworksBuildPhase section */

/* Begin PBXGroup section */
		9A90E3A927F4DBC5004F1949 = {
			isa = PBXGroup;
			children = (
				9A90E3B427F4DBC5004F1949 /* ProjetoFigma */,
				9A90E3CB27F4DBC8004F1949 /* ProjetoFigmaTests */,
				9A90E3D527F4DBC8004F1949 /* ProjetoFigmaUITests */,
				9A90E3B327F4DBC5004F1949 /* Products */,
			);
			sourceTree = "<group>";
		};
		9A90E3B327F4DBC5004F1949 /* Products */ = {
			isa = PBXGroup;
			children = (
				9A90E3B227F4DBC5004F1949 /* ProjetoFigma.app */,
				9A90E3C827F4DBC8004F1949 /* ProjetoFigmaTests.xctest */,
				9A90E3D227F4DBC8004F1949 /* ProjetoFigmaUITests.xctest */,
			);
			name = Products;
			sourceTree = "<group>";
		};
		9A90E3B427F4DBC5004F1949 /* ProjetoFigma */ = {
			isa = PBXGroup;
			children = (
				9A90E3B527F4DBC5004F1949 /* AppDelegate.swift */,
				9A90E3B727F4DBC5004F1949 /* SceneDelegate.swift */,
				9A90E3B927F4DBC5004F1949 /* ViewController.swift */,
				9A90E3BB27F4DBC5004F1949 /* Main.storyboard */,
				9A90E3BE27F4DBC8004F1949 /* Assets.xcassets */,
				9A90E3C027F4DBC8004F1949 /* LaunchScreen.storyboard */,
				9A90E3C327F4DBC8004F1949 /* Info.plist */,
			);
			path = ProjetoFigma;
			sourceTree = "<group>";
		};
		9A90E3CB27F4DBC8004F1949 /* ProjetoFigmaTests */ = {
			isa = PBXGroup;
			children = (
				9A90E3CC27F4DBC8004F1949 /* ProjetoFigmaTests.swift */,
			);
			path = ProjetoFigmaTests;
			sourceTree = "<group>";
		};
		9A90E3D527F4DBC8004F1949 /* ProjetoFigmaUITests */ = {
			isa = PBXGroup;
			children = (
				9A90E3D627F4DBC8004F1949 /* ProjetoFigmaUITests.swift */,
				9A90E3D827F4DBC8004F1949 /* ProjetoFigmaUITestsLaunchTests.swift */,
			);
			path = ProjetoFigmaUITests;
			sourceTree = "<group>";
		};
/* End PBXGroup section */

/* Begin PBXNativeTarget section */
		9A90E3B127F4DBC5004F1949 /* ProjetoFigma */ = {
			isa = PBXNativeTarget;
			buildConfigurationList = 9A90E3DC27F4DBC8004F1949 /* Build configuration list for PBXNativeTarget "ProjetoFigma" */;
			buildPhases = (
				9A90E3AE27F4DBC5004F1949 /* Sources */,
				9A90E3AF27F4DBC5004F1949 /* Frameworks */,
				9A90E3B027F4DBC5004F1949 /* Resources */,
			);
			buildRules = (
			);
			dependencies = (
			);
			name = ProjetoFigma;
			productName = ProjetoFigma;
			productReference = 9A90E3B227F4DBC5004F1949 /* ProjetoFigma.app */;
			productType = "com.apple.product-type.application";
		};
		9A90E3C727F4DBC8004F1949 /* ProjetoFigmaTests */ = {
			isa = PBXNativeTarget;
			buildConfigurationList = 9A90E3DF27F4DBC8004F1949 /* Build configuration list for PBXNativeTarget "ProjetoFigmaTests" */;
			buildPhases = (
				9A90E3C427F4DBC8004F1949 /* Sources */,
				9A90E3C527F4DBC8004F1949 /* Frameworks */,
				9A90E3C627F4DBC8004F1949 /* Resources */,
			);
			buildRules = (
			);
			dependencies = (
				9A90E3CA27F4DBC8004F1949 /* PBXTargetDependency */,
			);
			name = ProjetoFigmaTests;
			productName = ProjetoFigmaTests;
			productReference = 9A90E3C827F4DBC8004F1949 /* ProjetoFigmaTests.xctest */;
			productType = "com.apple.product-type.bundle.unit-test";
		};
		9A90E3D127F4DBC8004F1949 /* ProjetoFigmaUITests */ = {
			isa = PBXNativeTarget;
			buildConfigurationList = 9A90E3E227F4DBC8004F1949 /* Build configuration list for PBXNativeTarget "ProjetoFigmaUITests" */;
			buildPhases = (
				9A90E3CE27F4DBC8004F1949 /* Sources */,
				9A90E3CF27F4DBC8004F1949 /* Frameworks */,
				9A90E3D027F4DBC8004F1949 /* Resources */,
			);
			buildRules = (
			);
			dependencies = (
				9A90E3D427F4DBC8004F1949 /* PBXTargetDependency */,
			);
			name = ProjetoFigmaUITests;
			productName = ProjetoFigmaUITests;
			productReference = 9A90E3D227F4DBC8004F1949 /* ProjetoFigmaUITests.xctest */;
			productType = "com.apple.product-type.bundle.ui-testing";
		};
/* End PBXNativeTarget section */

/* Begin PBXProject section */
		9A90E3AA27F4DBC5004F1949 /* Project object */ = {
			isa = PBXProject;
			attributes = {
				BuildIndependentTargetsInParallel = 1;
				LastSwiftUpdateCheck = 1320;
				LastUpgradeCheck = 1320;
				TargetAttributes = {
					9A90E3B127F4DBC5004F1949 = {
						CreatedOnToolsVersion = 13.2.1;
					};
					9A90E3C727F4DBC8004F1949 = {
						CreatedOnToolsVersion = 13.2.1;
						TestTargetID = 9A90E3B127F4DBC5004F1949;
					};
					9A90E3D127F4DBC8004F1949 = {
						CreatedOnToolsVersion = 13.2.1;
						TestTargetID = 9A90E3B127F4DBC5004F1949;
					};
				};
			};
			buildConfigurationList = 9A90E3AD27F4DBC5004F1949 /* Build configuration list for PBXProject "ProjetoFigma" */;
			compatibilityVersion = "Xcode 13.0";
			developmentRegion = en;
			hasScannedForEncodings = 0;
			knownRegions = (
				en,
				Base,
			);
			mainGroup = 9A90E3A927F4DBC5004F1949;
			productRefGroup = 9A90E3B327F4DBC5004F1949 /* Products */;
			projectDirPath = "";
			projectRoot = "";
			targets = (
				9A90E3B127F4DBC5004F1949 /* ProjetoFigma */,
				9A90E3C727F4DBC8004F1949 /* ProjetoFigmaTests */,
				9A90E3D127F4DBC8004F1949 /* ProjetoFigmaUITests */,
			);
		};
/* End PBXProject section */

/* Begin PBXResourcesBuildPhase section */
		9A90E3B027F4DBC5004F1949 /* Resources */ = {
			isa = PBXResourcesBuildPhase;
			buildActionMask = 2147483647;
			files = (
				9A90E3C227F4DBC8004F1949 /* LaunchScreen.storyboard in Resources */,
				9A90E3BF27F4DBC8004F1949 /* Assets.xcassets in Resources */,
				9A90E3BD27F4DBC5004F1949 /* Main.storyboard in Resources */,
			);
			runOnlyForDeploymentPostprocessing = 0;
		};
		9A90E3C627F4DBC8004F1949 /* Resources */ = {
			isa = PBXResourcesBuildPhase;
			buildActionMask = 2147483647;
			files = (
			);
			runOnlyForDeploymentPostprocessing = 0;
		};
		9A90E3D027F4DBC8004F1949 /* Resources */ = {
			isa = PBXResourcesBuildPhase;
			buildActionMask = 2147483647;
			files = (
			);
			runOnlyForDeploymentPostprocessing = 0;
		};
/* End PBXResourcesBuildPhase section */

/* Begin PBXSourcesBuildPhase section */
		9A90E3AE27F4DBC5004F1949 /* Sources */ = {
			isa = PBXSourcesBuildPhase;
			buildActionMask = 2147483647;
			files = (
				9A90E3BA27F4DBC5004F1949 /* ViewController.swift in Sources */,
				9A90E3B627F4DBC5004F1949 /* AppDelegate.swift in Sources */,
				9A90E3B827F4DBC5004F1949 /* SceneDelegate.swift in Sources */,
			);
			runOnlyForDeploymentPostprocessing = 0;
		};
		9A90E3C427F4DBC8004F1949 /* Sources */ = {
			isa = PBXSourcesBuildPhase;
			buildActionMask = 2147483647;
			files = (
				9A90E3CD27F4DBC8004F1949 /* ProjetoFigmaTests.swift in Sources */,
			);
			runOnlyForDeploymentPostprocessing = 0;
		};
		9A90E3CE27F4DBC8004F1949 /* Sources */ = {
			isa = PBXSourcesBuildPhase;
			buildActionMask = 2147483647;
			files = (
				9A90E3D727F4DBC8004F1949 /* ProjetoFigmaUITests.swift in Sources */,
				9A90E3D927F4DBC8004F1949 /* ProjetoFigmaUITestsLaunchTests.swift in Sources */,
			);
			runOnlyForDeploymentPostprocessing = 0;
		};
/* End PBXSourcesBuildPhase section */

/* Begin PBXTargetDependency section */
		9A90E3CA27F4DBC8004F1949 /* PBXTargetDependency */ = {
			isa = PBXTargetDependency;
			target = 9A90E3B127F4DBC5004F1949 /* ProjetoFigma */;
			targetProxy = 9A90E3C927F4DBC8004F1949 /* PBXContainerItemProxy */;
		};
		9A90E3D427F4DBC8004F1949 /* PBXTargetDependency */ = {
			isa = PBXTargetDependency;
			target = 9A90E3B127F4DBC5004F1949 /* ProjetoFigma */;
			targetProxy = 9A90E3D327F4DBC8004F1949 /* PBXContainerItemProxy */;
		};
/* End PBXTargetDependency section */

/* Begin PBXVariantGroup section */
		9A90E3BB27F4DBC5004F1949 /* Main.storyboard */ = {
			isa = PBXVariantGroup;
			children = (
				9A90E3BC27F4DBC5004F1949 /* Base */,
			);
			name = Main.storyboard;
			sourceTree = "<group>";
		};
		9A90E3C027F4DBC8004F1949 /* LaunchScreen.storyboard */ = {
			isa = PBXVariantGroup;
			children = (
				9A90E3C127F4DBC8004F1949 /* Base */,
			);
			name = LaunchScreen.storyboard;
			sourceTree = "<group>";
		};
/* End PBXVariantGroup section */

/* Begin XCBuildConfiguration section */
		9A90E3DA27F4DBC8004F1949 /* Debug */ = {
			isa = XCBuildConfiguration;
			buildSettings = {
				ALWAYS_SEARCH_USER_PATHS = NO;
				CLANG_ANALYZER_NONNULL = YES;
				CLANG_ANALYZER_NUMBER_OBJECT_CONVERSION = YES_AGGRESSIVE;
				CLANG_CXX_LANGUAGE_STANDARD = "gnu++17";
				CLANG_CXX_LIBRARY = "libc++";
				CLANG_ENABLE_MODULES = YES;
				CLANG_ENABLE_OBJC_ARC = YES;
				CLANG_ENABLE_OBJC_WEAK = YES;
				CLANG_WARN_BLOCK_CAPTURE_AUTORELEASING = YES;
				CLANG_WARN_BOOL_CONVERSION = YES;
				CLANG_WARN_COMMA = YES;
				CLANG_WARN_CONSTANT_CONVERSION = YES;
				CLANG_WARN_DEPRECATED_OBJC_IMPLEMENTATIONS = YES;
				CLANG_WARN_DIRECT_OBJC_ISA_USAGE = YES_ERROR;
				CLANG_WARN_DOCUMENTATION_COMMENTS = YES;
				CLANG_WARN_EMPTY_BODY = YES;
				CLANG_WARN_ENUM_CONVERSION = YES;
				CLANG_WARN_INFINITE_RECURSION = YES;
				CLANG_WARN_INT_CONVERSION = YES;
				CLANG_WARN_NON_LITERAL_NULL_CONVERSION = YES;
				CLANG_WARN_OBJC_IMPLICIT_RETAIN_SELF = YES;
				CLANG_WARN_OBJC_LITERAL_CONVERSION = YES;
				CLANG_WARN_OBJC_ROOT_CLASS = YES_ERROR;
				CLANG_WARN_QUOTED_INCLUDE_IN_FRAMEWORK_HEADER = YES;
				CLANG_WARN_RANGE_LOOP_ANALYSIS = YES;
				CLANG_WARN_STRICT_PROTOTYPES = YES;
				CLANG_WARN_SUSPICIOUS_MOVE = YES;
				CLANG_WARN_UNGUARDED_AVAILABILITY = YES_AGGRESSIVE;
				CLANG_WARN_UNREACHABLE_CODE = YES;
				CLANG_WARN__DUPLICATE_METHOD_MATCH = YES;
				COPY_PHASE_STRIP = NO;
				DEBUG_INFORMATION_FORMAT = dwarf;
				ENABLE_STRICT_OBJC_MSGSEND = YES;
				ENABLE_TESTABILITY = YES;
				GCC_C_LANGUAGE_STANDARD = gnu11;
				GCC_DYNAMIC_NO_PIC = NO;
				GCC_NO_COMMON_BLOCKS = YES;
				GCC_OPTIMIZATION_LEVEL = 0;
				GCC_PREPROCESSOR_DEFINITIONS = (
					"DEBUG=1",
					"$(inherited)",
				);
				GCC_WARN_64_TO_32_BIT_CONVERSION = YES;
				GCC_WARN_ABOUT_RETURN_TYPE = YES_ERROR;
				GCC_WARN_UNDECLARED_SELECTOR = YES;
				GCC_WARN_UNINITIALIZED_AUTOS = YES_AGGRESSIVE;
				GCC_WARN_UNUSED_FUNCTION = YES;
				GCC_WARN_UNUSED_VARIABLE = YES;
				IPHONEOS_DEPLOYMENT_TARGET = 15.2;
				MTL_ENABLE_DEBUG_INFO = INCLUDE_SOURCE;
				MTL_FAST_MATH = YES;
				ONLY_ACTIVE_ARCH = YES;
				SDKROOT = iphoneos;
				SWIFT_ACTIVE_COMPILATION_CONDITIONS = DEBUG;
				SWIFT_OPTIMIZATION_LEVEL = "-Onone";
			};
			name = Debug;
		};
		9A90E3DB27F4DBC8004F1949 /* Release */ = {
			isa = XCBuildConfiguration;
			buildSettings = {
				ALWAYS_SEARCH_USER_PATHS = NO;
				CLANG_ANALYZER_NONNULL = YES;
				CLANG_ANALYZER_NUMBER_OBJECT_CONVERSION = YES_AGGRESSIVE;
				CLANG_CXX_LANGUAGE_STANDARD = "gnu++17";
				CLANG_CXX_LIBRARY = "libc++";
				CLANG_ENABLE_MODULES = YES;
				CLANG_ENABLE_OBJC_ARC = YES;
				CLANG_ENABLE_OBJC_WEAK = YES;
				CLANG_WARN_BLOCK_CAPTURE_AUTORELEASING = YES;
				CLANG_WARN_BOOL_CONVERSION = YES;
				CLANG_WARN_COMMA = YES;
				CLANG_WARN_CONSTANT_CONVERSION = YES;
				CLANG_WARN_DEPRECATED_OBJC_IMPLEMENTATIONS = YES;
				CLANG_WARN_DIRECT_OBJC_ISA_USAGE = YES_ERROR;
				CLANG_WARN_DOCUMENTATION_COMMENTS = YES;
				CLANG_WARN_EMPTY_BODY = YES;
				CLANG_WARN_ENUM_CONVERSION = YES;
				CLANG_WARN_INFINITE_RECURSION = YES;
				CLANG_WARN_INT_CONVERSION = YES;
				CLANG_WARN_NON_LITERAL_NULL_CONVERSION = YES;
				CLANG_WARN_OBJC_IMPLICIT_RETAIN_SELF = YES;
				CLANG_WARN_OBJC_LITERAL_CONVERSION = YES;
				CLANG_WARN_OBJC_ROOT_CLASS = YES_ERROR;
				CLANG_WARN_QUOTED_INCLUDE_IN_FRAMEWORK_HEADER = YES;
				CLANG_WARN_RANGE_LOOP_ANALYSIS = YES;
				CLANG_WARN_STRICT_PROTOTYPES = YES;
				CLANG_WARN_SUSPICIOUS_MOVE = YES;
				CLANG_WARN_UNGUARDED_AVAILABILITY = YES_AGGRESSIVE;
				CLANG_WARN_UNREACHABLE_CODE = YES;
				CLANG_WARN__DUPLICATE_METHOD_MATCH = YES;
				COPY_PHASE_STRIP = NO;
				DEBUG_INFORMATION_FORMAT = "dwarf-with-dsym";
				ENABLE_NS_ASSERTIONS = NO;
				ENABLE_STRICT_OBJC_MSGSEND = YES;
				GCC_C_LANGUAGE_STANDARD = gnu11;
				GCC_NO_COMMON_BLOCKS = YES;
				GCC_WARN_64_TO_32_BIT_CONVERSION = YES;
				GCC_WARN_ABOUT_RETURN_TYPE = YES_ERROR;
				GCC_WARN_UNDECLARED_SELECTOR = YES;
				GCC_WARN_UNINITIALIZED_AUTOS = YES_AGGRESSIVE;
				GCC_WARN_UNUSED_FUNCTION = YES;
				GCC_WARN_UNUSED_VARIABLE = YES;
				IPHONEOS_DEPLOYMENT_TARGET = 15.2;
				MTL_ENABLE_DEBUG_INFO = NO;
				MTL_FAST_MATH = YES;
				SDKROOT = iphoneos;
				SWIFT_COMPILATION_MODE = wholemodule;
				SWIFT_OPTIMIZATION_LEVEL = "-O";
				VALIDATE_PRODUCT = YES;
			};
			name = Release;
		};
		9A90E3DD27F4DBC8004F1949 /* Debug */ = {
			isa = XCBuildConfiguration;
			buildSettings = {
				ASSETCATALOG_COMPILER_APPICON_NAME = AppIcon;
				ASSETCATALOG_COMPILER_GLOBAL_ACCENT_COLOR_NAME = AccentColor;
				CODE_SIGN_STYLE = Automatic;
				CURRENT_PROJECT_VERSION = 1;
				DEVELOPMENT_TEAM = 3WY7THCR97;
				GENERATE_INFOPLIST_FILE = YES;
				INFOPLIST_FILE = ProjetoFigma/Info.plist;
				INFOPLIST_KEY_UIApplicationSupportsIndirectInputEvents = YES;
				INFOPLIST_KEY_UILaunchStoryboardName = LaunchScreen;
				INFOPLIST_KEY_UIMainStoryboardFile = Main;
				INFOPLIST_KEY_UISupportedInterfaceOrientations_iPad = "UIInterfaceOrientationPortrait UIInterfaceOrientationPortraitUpsideDown UIInterfaceOrientationLandscapeLeft UIInterfaceOrientationLandscapeRight";
				INFOPLIST_KEY_UISupportedInterfaceOrientations_iPhone = "UIInterfaceOrientationPortrait UIInterfaceOrientationLandscapeLeft UIInterfaceOrientationLandscapeRight";
				LD_RUNPATH_SEARCH_PATHS = (
					"$(inherited)",
					"@executable_path/Frameworks",
				);
				MARKETING_VERSION = 1.0;
				PRODUCT_BUNDLE_IDENTIFIER = cs193p.ProjetoFigma;
				PRODUCT_NAME = "$(TARGET_NAME)";
				SWIFT_EMIT_LOC_STRINGS = YES;
				SWIFT_VERSION = 5.0;
				TARGETED_DEVICE_FAMILY = "1,2";
			};
			name = Debug;
		};
		9A90E3DE27F4DBC8004F1949 /* Release */ = {
			isa = XCBuildConfiguration;
			buildSettings = {
				ASSETCATALOG_COMPILER_APPICON_NAME = AppIcon;
				ASSETCATALOG_COMPILER_GLOBAL_ACCENT_COLOR_NAME = AccentColor;
				CODE_SIGN_STYLE = Automatic;
				CURRENT_PROJECT_VERSION = 1;
				DEVELOPMENT_TEAM = 3WY7THCR97;
				GENERATE_INFOPLIST_FILE = YES;
				INFOPLIST_FILE = ProjetoFigma/Info.plist;
				INFOPLIST_KEY_UIApplicationSupportsIndirectInputEvents = YES;
				INFOPLIST_KEY_UILaunchStoryboardName = LaunchScreen;
				INFOPLIST_KEY_UIMainStoryboardFile = Main;
				INFOPLIST_KEY_UISupportedInterfaceOrientations_iPad = "UIInterfaceOrientationPortrait UIInterfaceOrientationPortraitUpsideDown UIInterfaceOrientationLandscapeLeft UIInterfaceOrientationLandscapeRight";
				INFOPLIST_KEY_UISupportedInterfaceOrientations_iPhone = "UIInterfaceOrientationPortrait UIInterfaceOrientationLandscapeLeft UIInterfaceOrientationLandscapeRight";
				LD_RUNPATH_SEARCH_PATHS = (
					"$(inherited)",
					"@executable_path/Frameworks",
				);
				MARKETING_VERSION = 1.0;
				PRODUCT_BUNDLE_IDENTIFIER = cs193p.ProjetoFigma;
				PRODUCT_NAME = "$(TARGET_NAME)";
				SWIFT_EMIT_LOC_STRINGS = YES;
				SWIFT_VERSION = 5.0;
				TARGETED_DEVICE_FAMILY = "1,2";
			};
			name = Release;
		};
		9A90E3E027F4DBC8004F1949 /* Debug */ = {
			isa = XCBuildConfiguration;
			buildSettings = {
				ALWAYS_EMBED_SWIFT_STANDARD_LIBRARIES = YES;
				BUNDLE_LOADER = "$(TEST_HOST)";
				CODE_SIGN_STYLE = Automatic;
				CURRENT_PROJECT_VERSION = 1;
				DEVELOPMENT_TEAM = 3WY7THCR97;
				GENERATE_INFOPLIST_FILE = YES;
				IPHONEOS_DEPLOYMENT_TARGET = 15.2;
				MARKETING_VERSION = 1.0;
				PRODUCT_BUNDLE_IDENTIFIER = cs193p.ProjetoFigmaTests;
				PRODUCT_NAME = "$(TARGET_NAME)";
				SWIFT_EMIT_LOC_STRINGS = NO;
				SWIFT_VERSION = 5.0;
				TARGETED_DEVICE_FAMILY = "1,2";
				TEST_HOST = "$(BUILT_PRODUCTS_DIR)/ProjetoFigma.app/ProjetoFigma";
			};
			name = Debug;
		};
		9A90E3E127F4DBC8004F1949 /* Release */ = {
			isa = XCBuildConfiguration;
			buildSettings = {
				ALWAYS_EMBED_SWIFT_STANDARD_LIBRARIES = YES;
				BUNDLE_LOADER = "$(TEST_HOST)";
				CODE_SIGN_STYLE = Automatic;
				CURRENT_PROJECT_VERSION = 1;
				DEVELOPMENT_TEAM = 3WY7THCR97;
				GENERATE_INFOPLIST_FILE = YES;
				IPHONEOS_DEPLOYMENT_TARGET = 15.2;
				MARKETING_VERSION = 1.0;
				PRODUCT_BUNDLE_IDENTIFIER = cs193p.ProjetoFigmaTests;
				PRODUCT_NAME = "$(TARGET_NAME)";
				SWIFT_EMIT_LOC_STRINGS = NO;
				SWIFT_VERSION = 5.0;
				TARGETED_DEVICE_FAMILY = "1,2";
				TEST_HOST = "$(BUILT_PRODUCTS_DIR)/ProjetoFigma.app/ProjetoFigma";
			};
			name = Release;
		};
		9A90E3E327F4DBC8004F1949 /* Debug */ = {
			isa = XCBuildConfiguration;
			buildSettings = {
				ALWAYS_EMBED_SWIFT_STANDARD_LIBRARIES = YES;
				CODE_SIGN_STYLE = Automatic;
				CURRENT_PROJECT_VERSION = 1;
				DEVELOPMENT_TEAM = 3WY7THCR97;
				GENERATE_INFOPLIST_FILE = YES;
				MARKETING_VERSION = 1.0;
				PRODUCT_BUNDLE_IDENTIFIER = cs193p.ProjetoFigmaUITests;
				PRODUCT_NAME = "$(TARGET_NAME)";
				SWIFT_EMIT_LOC_STRINGS = NO;
				SWIFT_VERSION = 5.0;
				TARGETED_DEVICE_FAMILY = "1,2";
				TEST_TARGET_NAME = ProjetoFigma;
			};
			name = Debug;
		};
		9A90E3E427F4DBC8004F1949 /* Release */ = {
			isa = XCBuildConfiguration;
			buildSettings = {
				ALWAYS_EMBED_SWIFT_STANDARD_LIBRARIES = YES;
				CODE_SIGN_STYLE = Automatic;
				CURRENT_PROJECT_VERSION = 1;
				DEVELOPMENT_TEAM = 3WY7THCR97;
				GENERATE_INFOPLIST_FILE = YES;
				MARKETING_VERSION = 1.0;
				PRODUCT_BUNDLE_IDENTIFIER = cs193p.ProjetoFigmaUITests;
				PRODUCT_NAME = "$(TARGET_NAME)";
				SWIFT_EMIT_LOC_STRINGS = NO;
				SWIFT_VERSION = 5.0;
				TARGETED_DEVICE_FAMILY = "1,2";
				TEST_TARGET_NAME = ProjetoFigma;
			};
			name = Release;
		};
/* End XCBuildConfiguration section */

/* Begin XCConfigurationList section */
		9A90E3AD27F4DBC5004F1949 /* Build configuration list for PBXProject "ProjetoFigma" */ = {
			isa = XCConfigurationList;
			buildConfigurations = (
				9A90E3DA27F4DBC8004F1949 /* Debug */,
				9A90E3DB27F4DBC8004F1949 /* Release */,
			);
			defaultConfigurationIsVisible = 0;
			defaultConfigurationName = Release;
		};
		9A90E3DC27F4DBC8004F1949 /* Build configuration list for PBXNativeTarget "ProjetoFigma" */ = {
			isa = XCConfigurationList;
			buildConfigurations = (
				9A90E3DD27F4DBC8004F1949 /* Debug */,
				9A90E3DE27F4DBC8004F1949 /* Release */,
			);
			defaultConfigurationIsVisible = 0;
			defaultConfigurationName = Release;
		};
		9A90E3DF27F4DBC8004F1949 /* Build configuration list for PBXNativeTarget "ProjetoFigmaTests" */ = {
			isa = XCConfigurationList;
			buildConfigurations = (
				9A90E3E027F4DBC8004F1949 /* Debug */,
				9A90E3E127F4DBC8004F1949 /* Release */,
			);
			defaultConfigurationIsVisible = 0;
			defaultConfigurationName = Release;
		};
		9A90E3E227F4DBC8004F1949 /* Build configuration list for PBXNativeTarget "ProjetoFigmaUITests" */ = {
			isa = XCConfigurationList;
			buildConfigurations = (
				9A90E3E327F4DBC8004F1949 /* Debug */,
				9A90E3E427F4DBC8004F1949 /* Release */,
			);
			defaultConfigurationIsVisible = 0;
			defaultConfigurationName = Release;
		};
/* End XCConfigurationList section */
	};
	rootObject = 9A90E3AA27F4DBC5004F1949 /* Project object */;
}
